
Microsoft Visual Studio Solution File, Format Version 12.00
# Visual Studio 2012
Project("{FAE04EC0-301F-11D3-BF4B-00C04F79EFBC}") = "BSS.MVVM", "BSS.MVVM\BSS.MVVM.csproj", "{129E94C8-BCFA-41CB-B3A1-813DE0D89389}"
EndProject
Project("{FAE04EC0-301F-11D3-BF4B-00C04F79EFBC}") = "BSS.App", "BSS.App\BSS.App.csproj", "{5551B1BA-2A69-4109-B3E1-8E1478356F3F}"
EndProject
Project("{8BC9CEB8-8B4A-11D0-8D11-00A0C91BC942}") = "RaccoonCLI", "RaccoonCLI\RaccoonCLI.vcxproj", "{880B08C4-A1BA-41F7-B3FE-41A37AC4A91A}"
EndProject
Project("{2150E333-8FDC-42A3-9474-1A3956D46DE8}") = "Raccoon", "Raccoon", "{E0A2ED17-5B2D-469C-B018-4DFC47A519C3}"
EndProject
Project("{8BC9CEB8-8B4A-11D0-8D11-00A0C91BC942}") = "IDT-HW-Inf", "..\Raccoon\IDT-HW\IDT-HW-Inf\IDT-HW-Inf.vcxproj", "{B66F61A3-030F-47F1-AF60-E6E6D82BADCF}"
EndProject
Project("{8BC9CEB8-8B4A-11D0-8D11-00A0C91BC942}") = "IDT-Srv", "..\Raccoon\IDT-Lib\IDT-Srv\IDT-Srv.vcxproj", "{30285AEF-522A-4EE6-8805-FD8D9E63F756}"
EndProject
Project("{8BC9CEB8-8B4A-11D0-8D11-00A0C91BC942}") = "RSCommon", "..\Raccoon\IDT-Lib\RSCommon\RSCommon.vcxproj", "{4B2C44BC-61C1-4A74-9702-8C8F6F1238C4}"
EndProject
Project("{8BC9CEB8-8B4A-11D0-8D11-00A0C91BC942}") = "VaultIC_API_1XX", "..\Raccoon\IDT-Lib\vaultic-api-release_1.2.0\src\build\windows\VaultIC_API_1XX\VaultIC_API_1XX.vcxproj", "{643F6734-21D8-46A1-83D0-5B68F5223C47}"
EndProject
Project("{8BC9CEB8-8B4A-11D0-8D11-00A0C91BC942}") = "cryptlib", "..\cryptopp562\cryptlib.vcxproj", "{3423EC9A-52E4-4A4D-9753-EDEBC38785EF}"
EndProject
Project("{FAE04EC0-301F-11D3-BF4B-00C04F79EFBC}") = "WpfLocalization", "WpfLocalization\WpfLocalization.csproj", "{6D1E1B21-85FB-495F-A190-5100188A00AE}"
EndProject
Project("{FAE04EC0-301F-11D3-BF4B-00C04F79EFBC}") = "WcfInfras", "..\Contracts\WcfInfras\WcfInfras.csproj", "{D3C821B9-F8E9-48EE-AF50-7925DE371E7B}"
EndProject
Project("{FAE04EC0-301F-11D3-BF4B-00C04F79EFBC}") = "BSS.Contracts", "..\Contracts\BSS.Contracts\BSS.Contracts.csproj", "{D243AA71-77D1-4248-A98E-49C0952FBA33}"
EndProject
Project("{FAE04EC0-301F-11D3-BF4B-00C04F79EFBC}") = "Hsm.Contracts", "..\Contracts\Hsm.Contracts\Hsm.Contracts.csproj", "{83BD3374-2C88-4D49-B1A4-27D79EA04C76}"
EndProject
Project("{2150E333-8FDC-42A3-9474-1A3956D46DE8}") = "Contracts", "Contracts", "{8AE56FCF-9C60-4FD0-B1D0-33E78982557A}"
EndProject
Global
	GlobalSection(SolutionConfigurationPlatforms) = preSolution
		Debug Static|Any CPU = Debug Static|Any CPU
		Debug Static|Mixed Platforms = Debug Static|Mixed Platforms
		Debug Static|Win32 = Debug Static|Win32
		Debug Static|x64 = Debug Static|x64
		Debug Static|x86 = Debug Static|x86
		Debug|Any CPU = Debug|Any CPU
		Debug|Mixed Platforms = Debug|Mixed Platforms
		Debug|Win32 = Debug|Win32
		Debug|x64 = Debug|x64
		Debug|x86 = Debug|x86
		DLL-Import Debug|Any CPU = DLL-Import Debug|Any CPU
		DLL-Import Debug|Mixed Platforms = DLL-Import Debug|Mixed Platforms
		DLL-Import Debug|Win32 = DLL-Import Debug|Win32
		DLL-Import Debug|x64 = DLL-Import Debug|x64
		DLL-Import Debug|x86 = DLL-Import Debug|x86
		DLL-Import Release|Any CPU = DLL-Import Release|Any CPU
		DLL-Import Release|Mixed Platforms = DLL-Import Release|Mixed Platforms
		DLL-Import Release|Win32 = DLL-Import Release|Win32
		DLL-Import Release|x64 = DLL-Import Release|x64
		DLL-Import Release|x86 = DLL-Import Release|x86
		Official_Build|Any CPU = Official_Build|Any CPU
		Official_Build|Mixed Platforms = Official_Build|Mixed Platforms
		Official_Build|Win32 = Official_Build|Win32
		Official_Build|x64 = Official_Build|x64
		Official_Build|x86 = Official_Build|x86
		Release Static|Any CPU = Release Static|Any CPU
		Release Static|Mixed Platforms = Release Static|Mixed Platforms
		Release Static|Win32 = Release Static|Win32
		Release Static|x64 = Release Static|x64
		Release Static|x86 = Release Static|x86
		Release|Any CPU = Release|Any CPU
		Release|Mixed Platforms = Release|Mixed Platforms
		Release|Win32 = Release|Win32
		Release|x64 = Release|x64
		Release|x86 = Release|x86
	EndGlobalSection
	GlobalSection(ProjectConfigurationPlatforms) = postSolution
		{129E94C8-BCFA-41CB-B3A1-813DE0D89389}.Debug Static|Any CPU.ActiveCfg = Debug|Any CPU
		{129E94C8-BCFA-41CB-B3A1-813DE0D89389}.Debug Static|Any CPU.Build.0 = Debug|Any CPU
		{129E94C8-BCFA-41CB-B3A1-813DE0D89389}.Debug Static|Mixed Platforms.ActiveCfg = Debug|Any CPU
		{129E94C8-BCFA-41CB-B3A1-813DE0D89389}.Debug Static|Mixed Platforms.Build.0 = Debug|Any CPU
		{129E94C8-BCFA-41CB-B3A1-813DE0D89389}.Debug Static|Win32.ActiveCfg = Debug|Any CPU
		{129E94C8-BCFA-41CB-B3A1-813DE0D89389}.Debug Static|x64.ActiveCfg = Debug|Any CPU
		{129E94C8-BCFA-41CB-B3A1-813DE0D89389}.Debug Static|x86.ActiveCfg = Debug|x86
		{129E94C8-BCFA-41CB-B3A1-813DE0D89389}.Debug Static|x86.Build.0 = Debug|x86
		{129E94C8-BCFA-41CB-B3A1-813DE0D89389}.Debug|Any CPU.ActiveCfg = Debug|Any CPU
		{129E94C8-BCFA-41CB-B3A1-813DE0D89389}.Debug|Any CPU.Build.0 = Debug|Any CPU
		{129E94C8-BCFA-41CB-B3A1-813DE0D89389}.Debug|Mixed Platforms.ActiveCfg = Debug|Any CPU
		{129E94C8-BCFA-41CB-B3A1-813DE0D89389}.Debug|Mixed Platforms.Build.0 = Debug|Any CPU
		{129E94C8-BCFA-41CB-B3A1-813DE0D89389}.Debug|Win32.ActiveCfg = Debug|x86
		{129E94C8-BCFA-41CB-B3A1-813DE0D89389}.Debug|Win32.Build.0 = Debug|x86
		{129E94C8-BCFA-41CB-B3A1-813DE0D89389}.Debug|x64.ActiveCfg = Debug|Any CPU
		{129E94C8-BCFA-41CB-B3A1-813DE0D89389}.Debug|x86.ActiveCfg = Debug|x86
		{129E94C8-BCFA-41CB-B3A1-813DE0D89389}.Debug|x86.Build.0 = Debug|x86
		{129E94C8-BCFA-41CB-B3A1-813DE0D89389}.DLL-Import Debug|Any CPU.ActiveCfg = Debug|Any CPU
		{129E94C8-BCFA-41CB-B3A1-813DE0D89389}.DLL-Import Debug|Any CPU.Build.0 = Debug|Any CPU
		{129E94C8-BCFA-41CB-B3A1-813DE0D89389}.DLL-Import Debug|Mixed Platforms.ActiveCfg = Debug|Any CPU
		{129E94C8-BCFA-41CB-B3A1-813DE0D89389}.DLL-Import Debug|Mixed Platforms.Build.0 = Debug|Any CPU
		{129E94C8-BCFA-41CB-B3A1-813DE0D89389}.DLL-Import Debug|Win32.ActiveCfg = Debug|Any CPU
		{129E94C8-BCFA-41CB-B3A1-813DE0D89389}.DLL-Import Debug|x64.ActiveCfg = Debug|Any CPU
		{129E94C8-BCFA-41CB-B3A1-813DE0D89389}.DLL-Import Debug|x86.ActiveCfg = Debug|x86
		{129E94C8-BCFA-41CB-B3A1-813DE0D89389}.DLL-Import Debug|x86.Build.0 = Debug|x86
		{129E94C8-BCFA-41CB-B3A1-813DE0D89389}.DLL-Import Release|Any CPU.ActiveCfg = Release|Any CPU
		{129E94C8-BCFA-41CB-B3A1-813DE0D89389}.DLL-Import Release|Any CPU.Build.0 = Release|Any CPU
		{129E94C8-BCFA-41CB-B3A1-813DE0D89389}.DLL-Import Release|Mixed Platforms.ActiveCfg = Release|Any CPU
		{129E94C8-BCFA-41CB-B3A1-813DE0D89389}.DLL-Import Release|Mixed Platforms.Build.0 = Release|Any CPU
		{129E94C8-BCFA-41CB-B3A1-813DE0D89389}.DLL-Import Release|Win32.ActiveCfg = Release|Any CPU
		{129E94C8-BCFA-41CB-B3A1-813DE0D89389}.DLL-Import Release|x64.ActiveCfg = Release|Any CPU
		{129E94C8-BCFA-41CB-B3A1-813DE0D89389}.DLL-Import Release|x86.ActiveCfg = Release|x86
		{129E94C8-BCFA-41CB-B3A1-813DE0D89389}.DLL-Import Release|x86.Build.0 = Release|x86
		{129E94C8-BCFA-41CB-B3A1-813DE0D89389}.Official_Build|Any CPU.ActiveCfg = Release|Any CPU
		{129E94C8-BCFA-41CB-B3A1-813DE0D89389}.Official_Build|Any CPU.Build.0 = Release|Any CPU
		{129E94C8-BCFA-41CB-B3A1-813DE0D89389}.Official_Build|Mixed Platforms.ActiveCfg = Release|Any CPU
		{129E94C8-BCFA-41CB-B3A1-813DE0D89389}.Official_Build|Mixed Platforms.Build.0 = Release|Any CPU
		{129E94C8-BCFA-41CB-B3A1-813DE0D89389}.Official_Build|Win32.ActiveCfg = Release|Any CPU
		{129E94C8-BCFA-41CB-B3A1-813DE0D89389}.Official_Build|x64.ActiveCfg = Release|Any CPU
		{129E94C8-BCFA-41CB-B3A1-813DE0D89389}.Official_Build|x86.ActiveCfg = Release|x86
		{129E94C8-BCFA-41CB-B3A1-813DE0D89389}.Official_Build|x86.Build.0 = Release|x86
		{129E94C8-BCFA-41CB-B3A1-813DE0D89389}.Release Static|Any CPU.ActiveCfg = Release|Any CPU
		{129E94C8-BCFA-41CB-B3A1-813DE0D89389}.Release Static|Any CPU.Build.0 = Release|Any CPU
		{129E94C8-BCFA-41CB-B3A1-813DE0D89389}.Release Static|Mixed Platforms.ActiveCfg = Release|Any CPU
		{129E94C8-BCFA-41CB-B3A1-813DE0D89389}.Release Static|Mixed Platforms.Build.0 = Release|Any CPU
		{129E94C8-BCFA-41CB-B3A1-813DE0D89389}.Release Static|Win32.ActiveCfg = Release|Any CPU
		{129E94C8-BCFA-41CB-B3A1-813DE0D89389}.Release Static|x64.ActiveCfg = Release|Any CPU
		{129E94C8-BCFA-41CB-B3A1-813DE0D89389}.Release Static|x86.ActiveCfg = Release|x86
		{129E94C8-BCFA-41CB-B3A1-813DE0D89389}.Release Static|x86.Build.0 = Release|x86
		{129E94C8-BCFA-41CB-B3A1-813DE0D89389}.Release|Any CPU.ActiveCfg = Release|Any CPU
		{129E94C8-BCFA-41CB-B3A1-813DE0D89389}.Release|Any CPU.Build.0 = Release|Any CPU
		{129E94C8-BCFA-41CB-B3A1-813DE0D89389}.Release|Mixed Platforms.ActiveCfg = Release|Any CPU
		{129E94C8-BCFA-41CB-B3A1-813DE0D89389}.Release|Mixed Platforms.Build.0 = Release|Any CPU
		{129E94C8-BCFA-41CB-B3A1-813DE0D89389}.Release|Win32.ActiveCfg = Release|x86
		{129E94C8-BCFA-41CB-B3A1-813DE0D89389}.Release|Win32.Build.0 = Release|x86
		{129E94C8-BCFA-41CB-B3A1-813DE0D89389}.Release|x64.ActiveCfg = Release|Any CPU
		{129E94C8-BCFA-41CB-B3A1-813DE0D89389}.Release|x86.ActiveCfg = Release|x86
		{129E94C8-BCFA-41CB-B3A1-813DE0D89389}.Release|x86.Build.0 = Release|x86
		{5551B1BA-2A69-4109-B3E1-8E1478356F3F}.Debug Static|Any CPU.ActiveCfg = Debug|Any CPU
		{5551B1BA-2A69-4109-B3E1-8E1478356F3F}.Debug Static|Any CPU.Build.0 = Debug|Any CPU
		{5551B1BA-2A69-4109-B3E1-8E1478356F3F}.Debug Static|Mixed Platforms.ActiveCfg = Debug|Any CPU
		{5551B1BA-2A69-4109-B3E1-8E1478356F3F}.Debug Static|Mixed Platforms.Build.0 = Debug|Any CPU
		{5551B1BA-2A69-4109-B3E1-8E1478356F3F}.Debug Static|Win32.ActiveCfg = Debug|Any CPU
		{5551B1BA-2A69-4109-B3E1-8E1478356F3F}.Debug Static|x64.ActiveCfg = Debug|Any CPU
		{5551B1BA-2A69-4109-B3E1-8E1478356F3F}.Debug Static|x86.ActiveCfg = Debug|x86
		{5551B1BA-2A69-4109-B3E1-8E1478356F3F}.Debug Static|x86.Build.0 = Debug|x86
		{5551B1BA-2A69-4109-B3E1-8E1478356F3F}.Debug|Any CPU.ActiveCfg = Debug|Any CPU
		{5551B1BA-2A69-4109-B3E1-8E1478356F3F}.Debug|Any CPU.Build.0 = Debug|Any CPU
		{5551B1BA-2A69-4109-B3E1-8E1478356F3F}.Debug|Mixed Platforms.ActiveCfg = Debug|Any CPU
		{5551B1BA-2A69-4109-B3E1-8E1478356F3F}.Debug|Mixed Platforms.Build.0 = Debug|Any CPU
		{5551B1BA-2A69-4109-B3E1-8E1478356F3F}.Debug|Win32.ActiveCfg = Debug|x86
		{5551B1BA-2A69-4109-B3E1-8E1478356F3F}.Debug|Win32.Build.0 = Debug|x86
		{5551B1BA-2A69-4109-B3E1-8E1478356F3F}.Debug|x64.ActiveCfg = Debug|Any CPU
		{5551B1BA-2A69-4109-B3E1-8E1478356F3F}.Debug|x86.ActiveCfg = Debug|x86
		{5551B1BA-2A69-4109-B3E1-8E1478356F3F}.Debug|x86.Build.0 = Debug|x86
		{5551B1BA-2A69-4109-B3E1-8E1478356F3F}.DLL-Import Debug|Any CPU.ActiveCfg = Debug|Any CPU
		{5551B1BA-2A69-4109-B3E1-8E1478356F3F}.DLL-Import Debug|Any CPU.Build.0 = Debug|Any CPU
		{5551B1BA-2A69-4109-B3E1-8E1478356F3F}.DLL-Import Debug|Mixed Platforms.ActiveCfg = Debug|Any CPU
		{5551B1BA-2A69-4109-B3E1-8E1478356F3F}.DLL-Import Debug|Mixed Platforms.Build.0 = Debug|Any CPU
		{5551B1BA-2A69-4109-B3E1-8E1478356F3F}.DLL-Import Debug|Win32.ActiveCfg = Debug|Any CPU
		{5551B1BA-2A69-4109-B3E1-8E1478356F3F}.DLL-Import Debug|x64.ActiveCfg = Debug|Any CPU
		{5551B1BA-2A69-4109-B3E1-8E1478356F3F}.DLL-Import Debug|x86.ActiveCfg = Debug|x86
		{5551B1BA-2A69-4109-B3E1-8E1478356F3F}.DLL-Import Debug|x86.Build.0 = Debug|x86
		{5551B1BA-2A69-4109-B3E1-8E1478356F3F}.DLL-Import Release|Any CPU.ActiveCfg = Release|Any CPU
		{5551B1BA-2A69-4109-B3E1-8E1478356F3F}.DLL-Import Release|Any CPU.Build.0 = Release|Any CPU
		{5551B1BA-2A69-4109-B3E1-8E1478356F3F}.DLL-Import Release|Mixed Platforms.ActiveCfg = Release|Any CPU
		{5551B1BA-2A69-4109-B3E1-8E1478356F3F}.DLL-Import Release|Mixed Platforms.Build.0 = Release|Any CPU
		{5551B1BA-2A69-4109-B3E1-8E1478356F3F}.DLL-Import Release|Win32.ActiveCfg = Release|Any CPU
		{5551B1BA-2A69-4109-B3E1-8E1478356F3F}.DLL-Import Release|x64.ActiveCfg = Release|Any CPU
		{5551B1BA-2A69-4109-B3E1-8E1478356F3F}.DLL-Import Release|x86.ActiveCfg = Release|x86
		{5551B1BA-2A69-4109-B3E1-8E1478356F3F}.DLL-Import Release|x86.Build.0 = Release|x86
		{5551B1BA-2A69-4109-B3E1-8E1478356F3F}.Official_Build|Any CPU.ActiveCfg = Release|Any CPU
		{5551B1BA-2A69-4109-B3E1-8E1478356F3F}.Official_Build|Any CPU.Build.0 = Release|Any CPU
		{5551B1BA-2A69-4109-B3E1-8E1478356F3F}.Official_Build|Mixed Platforms.ActiveCfg = Release|Any CPU
		{5551B1BA-2A69-4109-B3E1-8E1478356F3F}.Official_Build|Mixed Platforms.Build.0 = Release|Any CPU
		{5551B1BA-2A69-4109-B3E1-8E1478356F3F}.Official_Build|Win32.ActiveCfg = Release|Any CPU
		{5551B1BA-2A69-4109-B3E1-8E1478356F3F}.Official_Build|x64.ActiveCfg = Release|Any CPU
		{5551B1BA-2A69-4109-B3E1-8E1478356F3F}.Official_Build|x86.ActiveCfg = Release|x86
		{5551B1BA-2A69-4109-B3E1-8E1478356F3F}.Official_Build|x86.Build.0 = Release|x86
		{5551B1BA-2A69-4109-B3E1-8E1478356F3F}.Release Static|Any CPU.ActiveCfg = Release|Any CPU
		{5551B1BA-2A69-4109-B3E1-8E1478356F3F}.Release Static|Any CPU.Build.0 = Release|Any CPU
		{5551B1BA-2A69-4109-B3E1-8E1478356F3F}.Release Static|Mixed Platforms.ActiveCfg = Release|Any CPU
		{5551B1BA-2A69-4109-B3E1-8E1478356F3F}.Release Static|Mixed Platforms.Build.0 = Release|Any CPU
		{5551B1BA-2A69-4109-B3E1-8E1478356F3F}.Release Static|Win32.ActiveCfg = Release|Any CPU
		{5551B1BA-2A69-4109-B3E1-8E1478356F3F}.Release Static|x64.ActiveCfg = Release|Any CPU
		{5551B1BA-2A69-4109-B3E1-8E1478356F3F}.Release Static|x86.ActiveCfg = Release|x86
		{5551B1BA-2A69-4109-B3E1-8E1478356F3F}.Release Static|x86.Build.0 = Release|x86
		{5551B1BA-2A69-4109-B3E1-8E1478356F3F}.Release|Any CPU.ActiveCfg = Release|Any CPU
		{5551B1BA-2A69-4109-B3E1-8E1478356F3F}.Release|Any CPU.Build.0 = Release|Any CPU
		{5551B1BA-2A69-4109-B3E1-8E1478356F3F}.Release|Mixed Platforms.ActiveCfg = Release|Any CPU
		{5551B1BA-2A69-4109-B3E1-8E1478356F3F}.Release|Mixed Platforms.Build.0 = Release|Any CPU
		{5551B1BA-2A69-4109-B3E1-8E1478356F3F}.Release|Win32.ActiveCfg = Release|x86
		{5551B1BA-2A69-4109-B3E1-8E1478356F3F}.Release|Win32.Build.0 = Release|x86
		{5551B1BA-2A69-4109-B3E1-8E1478356F3F}.Release|x64.ActiveCfg = Release|Any CPU
		{5551B1BA-2A69-4109-B3E1-8E1478356F3F}.Release|x86.ActiveCfg = Release|x86
		{5551B1BA-2A69-4109-B3E1-8E1478356F3F}.Release|x86.Build.0 = Release|x86
		{880B08C4-A1BA-41F7-B3FE-41A37AC4A91A}.Debug Static|Any CPU.ActiveCfg = Debug|Win32
		{880B08C4-A1BA-41F7-B3FE-41A37AC4A91A}.Debug Static|Mixed Platforms.ActiveCfg = Debug|Win32
		{880B08C4-A1BA-41F7-B3FE-41A37AC4A91A}.Debug Static|Mixed Platforms.Build.0 = Debug|Win32
		{880B08C4-A1BA-41F7-B3FE-41A37AC4A91A}.Debug Static|Win32.ActiveCfg = Debug|Win32
		{880B08C4-A1BA-41F7-B3FE-41A37AC4A91A}.Debug Static|Win32.Build.0 = Debug|Win32
		{880B08C4-A1BA-41F7-B3FE-41A37AC4A91A}.Debug Static|x64.ActiveCfg = Debug|Win32
		{880B08C4-A1BA-41F7-B3FE-41A37AC4A91A}.Debug Static|x86.ActiveCfg = Debug|Win32
		{880B08C4-A1BA-41F7-B3FE-41A37AC4A91A}.Debug Static|x86.Build.0 = Debug|Win32
		{880B08C4-A1BA-41F7-B3FE-41A37AC4A91A}.Debug|Any CPU.ActiveCfg = Debug|Win32
		{880B08C4-A1BA-41F7-B3FE-41A37AC4A91A}.Debug|Mixed Platforms.ActiveCfg = Debug|Win32
		{880B08C4-A1BA-41F7-B3FE-41A37AC4A91A}.Debug|Mixed Platforms.Build.0 = Debug|Win32
		{880B08C4-A1BA-41F7-B3FE-41A37AC4A91A}.Debug|Win32.ActiveCfg = Debug|Win32
		{880B08C4-A1BA-41F7-B3FE-41A37AC4A91A}.Debug|Win32.Build.0 = Debug|Win32
		{880B08C4-A1BA-41F7-B3FE-41A37AC4A91A}.Debug|x64.ActiveCfg = Debug|Win32
		{880B08C4-A1BA-41F7-B3FE-41A37AC4A91A}.Debug|x86.ActiveCfg = Debug|Win32
		{880B08C4-A1BA-41F7-B3FE-41A37AC4A91A}.Debug|x86.Build.0 = Debug|Win32
		{880B08C4-A1BA-41F7-B3FE-41A37AC4A91A}.DLL-Import Debug|Any CPU.ActiveCfg = Debug|Win32
		{880B08C4-A1BA-41F7-B3FE-41A37AC4A91A}.DLL-Import Debug|Mixed Platforms.ActiveCfg = Debug|Win32
		{880B08C4-A1BA-41F7-B3FE-41A37AC4A91A}.DLL-Import Debug|Mixed Platforms.Build.0 = Debug|Win32
		{880B08C4-A1BA-41F7-B3FE-41A37AC4A91A}.DLL-Import Debug|Win32.ActiveCfg = Debug|Win32
		{880B08C4-A1BA-41F7-B3FE-41A37AC4A91A}.DLL-Import Debug|Win32.Build.0 = Debug|Win32
		{880B08C4-A1BA-41F7-B3FE-41A37AC4A91A}.DLL-Import Debug|x64.ActiveCfg = Debug|Win32
		{880B08C4-A1BA-41F7-B3FE-41A37AC4A91A}.DLL-Import Debug|x86.ActiveCfg = Debug|Win32
		{880B08C4-A1BA-41F7-B3FE-41A37AC4A91A}.DLL-Import Debug|x86.Build.0 = Debug|Win32
		{880B08C4-A1BA-41F7-B3FE-41A37AC4A91A}.DLL-Import Release|Any CPU.ActiveCfg = Release|Win32
		{880B08C4-A1BA-41F7-B3FE-41A37AC4A91A}.DLL-Import Release|Mixed Platforms.ActiveCfg = Release|Win32
		{880B08C4-A1BA-41F7-B3FE-41A37AC4A91A}.DLL-Import Release|Mixed Platforms.Build.0 = Release|Win32
		{880B08C4-A1BA-41F7-B3FE-41A37AC4A91A}.DLL-Import Release|Win32.ActiveCfg = Release|Win32
		{880B08C4-A1BA-41F7-B3FE-41A37AC4A91A}.DLL-Import Release|Win32.Build.0 = Release|Win32
		{880B08C4-A1BA-41F7-B3FE-41A37AC4A91A}.DLL-Import Release|x64.ActiveCfg = Release|Win32
		{880B08C4-A1BA-41F7-B3FE-41A37AC4A91A}.DLL-Import Release|x86.ActiveCfg = Release|Win32
		{880B08C4-A1BA-41F7-B3FE-41A37AC4A91A}.DLL-Import Release|x86.Build.0 = Release|Win32
		{880B08C4-A1BA-41F7-B3FE-41A37AC4A91A}.Official_Build|Any CPU.ActiveCfg = Release|Win32
		{880B08C4-A1BA-41F7-B3FE-41A37AC4A91A}.Official_Build|Mixed Platforms.ActiveCfg = Release|Win32
		{880B08C4-A1BA-41F7-B3FE-41A37AC4A91A}.Official_Build|Mixed Platforms.Build.0 = Release|Win32
		{880B08C4-A1BA-41F7-B3FE-41A37AC4A91A}.Official_Build|Win32.ActiveCfg = Release|Win32
		{880B08C4-A1BA-41F7-B3FE-41A37AC4A91A}.Official_Build|Win32.Build.0 = Release|Win32
		{880B08C4-A1BA-41F7-B3FE-41A37AC4A91A}.Official_Build|x64.ActiveCfg = Release|Win32
		{880B08C4-A1BA-41F7-B3FE-41A37AC4A91A}.Official_Build|x86.ActiveCfg = Release|Win32
		{880B08C4-A1BA-41F7-B3FE-41A37AC4A91A}.Official_Build|x86.Build.0 = Release|Win32
		{880B08C4-A1BA-41F7-B3FE-41A37AC4A91A}.Release Static|Any CPU.ActiveCfg = Release|Win32
		{880B08C4-A1BA-41F7-B3FE-41A37AC4A91A}.Release Static|Mixed Platforms.ActiveCfg = Release|Win32
		{880B08C4-A1BA-41F7-B3FE-41A37AC4A91A}.Release Static|Mixed Platforms.Build.0 = Release|Win32
		{880B08C4-A1BA-41F7-B3FE-41A37AC4A91A}.Release Static|Win32.ActiveCfg = Release|Win32
		{880B08C4-A1BA-41F7-B3FE-41A37AC4A91A}.Release Static|Win32.Build.0 = Release|Win32
		{880B08C4-A1BA-41F7-B3FE-41A37AC4A91A}.Release Static|x64.ActiveCfg = Release|Win32
		{880B08C4-A1BA-41F7-B3FE-41A37AC4A91A}.Release Static|x86.ActiveCfg = Release|Win32
		{880B08C4-A1BA-41F7-B3FE-41A37AC4A91A}.Release Static|x86.Build.0 = Release|Win32
		{880B08C4-A1BA-41F7-B3FE-41A37AC4A91A}.Release|Any CPU.ActiveCfg = Release|Win32
		{880B08C4-A1BA-41F7-B3FE-41A37AC4A91A}.Release|Mixed Platforms.ActiveCfg = Release|Win32
		{880B08C4-A1BA-41F7-B3FE-41A37AC4A91A}.Release|Mixed Platforms.Build.0 = Release|Win32
		{880B08C4-A1BA-41F7-B3FE-41A37AC4A91A}.Release|Win32.ActiveCfg = Release|Win32
		{880B08C4-A1BA-41F7-B3FE-41A37AC4A91A}.Release|Win32.Build.0 = Release|Win32
		{880B08C4-A1BA-41F7-B3FE-41A37AC4A91A}.Release|x64.ActiveCfg = Release|Win32
		{880B08C4-A1BA-41F7-B3FE-41A37AC4A91A}.Release|x86.ActiveCfg = Release|Win32
		{880B08C4-A1BA-41F7-B3FE-41A37AC4A91A}.Release|x86.Build.0 = Release|Win32
		{B66F61A3-030F-47F1-AF60-E6E6D82BADCF}.Debug Static|Any CPU.ActiveCfg = Debug|Win32
		{B66F61A3-030F-47F1-AF60-E6E6D82BADCF}.Debug Static|Mixed Platforms.ActiveCfg = Debug|Win32
		{B66F61A3-030F-47F1-AF60-E6E6D82BADCF}.Debug Static|Mixed Platforms.Build.0 = Debug|Win32
		{B66F61A3-030F-47F1-AF60-E6E6D82BADCF}.Debug Static|Win32.ActiveCfg = Debug|Win32
		{B66F61A3-030F-47F1-AF60-E6E6D82BADCF}.Debug Static|Win32.Build.0 = Debug|Win32
		{B66F61A3-030F-47F1-AF60-E6E6D82BADCF}.Debug Static|x64.ActiveCfg = Debug|x64
		{B66F61A3-030F-47F1-AF60-E6E6D82BADCF}.Debug Static|x64.Build.0 = Debug|x64
		{B66F61A3-030F-47F1-AF60-E6E6D82BADCF}.Debug Static|x86.ActiveCfg = Debug|Win32
		{B66F61A3-030F-47F1-AF60-E6E6D82BADCF}.Debug Static|x86.Build.0 = Debug|Win32
		{B66F61A3-030F-47F1-AF60-E6E6D82BADCF}.Debug|Any CPU.ActiveCfg = Debug|Win32
		{B66F61A3-030F-47F1-AF60-E6E6D82BADCF}.Debug|Mixed Platforms.ActiveCfg = Debug|Win32
		{B66F61A3-030F-47F1-AF60-E6E6D82BADCF}.Debug|Mixed Platforms.Build.0 = Debug|Win32
		{B66F61A3-030F-47F1-AF60-E6E6D82BADCF}.Debug|Win32.ActiveCfg = Debug|Win32
		{B66F61A3-030F-47F1-AF60-E6E6D82BADCF}.Debug|Win32.Build.0 = Debug|Win32
		{B66F61A3-030F-47F1-AF60-E6E6D82BADCF}.Debug|x64.ActiveCfg = Debug|x64
		{B66F61A3-030F-47F1-AF60-E6E6D82BADCF}.Debug|x64.Build.0 = Debug|x64
		{B66F61A3-030F-47F1-AF60-E6E6D82BADCF}.Debug|x86.ActiveCfg = Debug|Win32
		{B66F61A3-030F-47F1-AF60-E6E6D82BADCF}.Debug|x86.Build.0 = Debug|Win32
		{B66F61A3-030F-47F1-AF60-E6E6D82BADCF}.DLL-Import Debug|Any CPU.ActiveCfg = Debug|Win32
		{B66F61A3-030F-47F1-AF60-E6E6D82BADCF}.DLL-Import Debug|Mixed Platforms.ActiveCfg = Debug|Win32
		{B66F61A3-030F-47F1-AF60-E6E6D82BADCF}.DLL-Import Debug|Mixed Platforms.Build.0 = Debug|Win32
		{B66F61A3-030F-47F1-AF60-E6E6D82BADCF}.DLL-Import Debug|Win32.ActiveCfg = Debug|Win32
		{B66F61A3-030F-47F1-AF60-E6E6D82BADCF}.DLL-Import Debug|Win32.Build.0 = Debug|Win32
		{B66F61A3-030F-47F1-AF60-E6E6D82BADCF}.DLL-Import Debug|x64.ActiveCfg = Debug|x64
		{B66F61A3-030F-47F1-AF60-E6E6D82BADCF}.DLL-Import Debug|x64.Build.0 = Debug|x64
		{B66F61A3-030F-47F1-AF60-E6E6D82BADCF}.DLL-Import Debug|x86.ActiveCfg = Debug|Win32
		{B66F61A3-030F-47F1-AF60-E6E6D82BADCF}.DLL-Import Debug|x86.Build.0 = Debug|Win32
		{B66F61A3-030F-47F1-AF60-E6E6D82BADCF}.DLL-Import Release|Any CPU.ActiveCfg = Release|Win32
		{B66F61A3-030F-47F1-AF60-E6E6D82BADCF}.DLL-Import Release|Mixed Platforms.ActiveCfg = Release|Win32
		{B66F61A3-030F-47F1-AF60-E6E6D82BADCF}.DLL-Import Release|Mixed Platforms.Build.0 = Release|Win32
		{B66F61A3-030F-47F1-AF60-E6E6D82BADCF}.DLL-Import Release|Win32.ActiveCfg = Release|Win32
		{B66F61A3-030F-47F1-AF60-E6E6D82BADCF}.DLL-Import Release|Win32.Build.0 = Release|Win32
		{B66F61A3-030F-47F1-AF60-E6E6D82BADCF}.DLL-Import Release|x64.ActiveCfg = Release|x64
		{B66F61A3-030F-47F1-AF60-E6E6D82BADCF}.DLL-Import Release|x64.Build.0 = Release|x64
		{B66F61A3-030F-47F1-AF60-E6E6D82BADCF}.DLL-Import Release|x86.ActiveCfg = Release|Win32
		{B66F61A3-030F-47F1-AF60-E6E6D82BADCF}.DLL-Import Release|x86.Build.0 = Release|Win32
		{B66F61A3-030F-47F1-AF60-E6E6D82BADCF}.Official_Build|Any CPU.ActiveCfg = Release|Win32
		{B66F61A3-030F-47F1-AF60-E6E6D82BADCF}.Official_Build|Mixed Platforms.ActiveCfg = Release|Win32
		{B66F61A3-030F-47F1-AF60-E6E6D82BADCF}.Official_Build|Mixed Platforms.Build.0 = Release|Win32
		{B66F61A3-030F-47F1-AF60-E6E6D82BADCF}.Official_Build|Win32.ActiveCfg = Release|Win32
		{B66F61A3-030F-47F1-AF60-E6E6D82BADCF}.Official_Build|Win32.Build.0 = Release|Win32
		{B66F61A3-030F-47F1-AF60-E6E6D82BADCF}.Official_Build|x64.ActiveCfg = Release|x64
		{B66F61A3-030F-47F1-AF60-E6E6D82BADCF}.Official_Build|x64.Build.0 = Release|x64
		{B66F61A3-030F-47F1-AF60-E6E6D82BADCF}.Official_Build|x86.ActiveCfg = Release|Win32
		{B66F61A3-030F-47F1-AF60-E6E6D82BADCF}.Official_Build|x86.Build.0 = Release|Win32
		{B66F61A3-030F-47F1-AF60-E6E6D82BADCF}.Release Static|Any CPU.ActiveCfg = Release|Win32
		{B66F61A3-030F-47F1-AF60-E6E6D82BADCF}.Release Static|Mixed Platforms.ActiveCfg = Release|Win32
		{B66F61A3-030F-47F1-AF60-E6E6D82BADCF}.Release Static|Mixed Platforms.Build.0 = Release|Win32
		{B66F61A3-030F-47F1-AF60-E6E6D82BADCF}.Release Static|Win32.ActiveCfg = Release|Win32
		{B66F61A3-030F-47F1-AF60-E6E6D82BADCF}.Release Static|Win32.Build.0 = Release|Win32
		{B66F61A3-030F-47F1-AF60-E6E6D82BADCF}.Release Static|x64.ActiveCfg = Release|x64
		{B66F61A3-030F-47F1-AF60-E6E6D82BADCF}.Release Static|x64.Build.0 = Release|x64
		{B66F61A3-030F-47F1-AF60-E6E6D82BADCF}.Release Static|x86.ActiveCfg = Release|Win32
		{B66F61A3-030F-47F1-AF60-E6E6D82BADCF}.Release Static|x86.Build.0 = Release|Win32
		{B66F61A3-030F-47F1-AF60-E6E6D82BADCF}.Release|Any CPU.ActiveCfg = Release|Win32
		{B66F61A3-030F-47F1-AF60-E6E6D82BADCF}.Release|Mixed Platforms.ActiveCfg = Release|Win32
		{B66F61A3-030F-47F1-AF60-E6E6D82BADCF}.Release|Mixed Platforms.Build.0 = Release|Win32
		{B66F61A3-030F-47F1-AF60-E6E6D82BADCF}.Release|Win32.ActiveCfg = Release|Win32
		{B66F61A3-030F-47F1-AF60-E6E6D82BADCF}.Release|Win32.Build.0 = Release|Win32
		{B66F61A3-030F-47F1-AF60-E6E6D82BADCF}.Release|x64.ActiveCfg = Release|x64
		{B66F61A3-030F-47F1-AF60-E6E6D82BADCF}.Release|x64.Build.0 = Release|x64
		{B66F61A3-030F-47F1-AF60-E6E6D82BADCF}.Release|x86.ActiveCfg = Release|Win32
		{B66F61A3-030F-47F1-AF60-E6E6D82BADCF}.Release|x86.Build.0 = Release|Win32
		{30285AEF-522A-4EE6-8805-FD8D9E63F756}.Debug Static|Any CPU.ActiveCfg = Debug|Win32
		{30285AEF-522A-4EE6-8805-FD8D9E63F756}.Debug Static|Mixed Platforms.ActiveCfg = Debug|Win32
		{30285AEF-522A-4EE6-8805-FD8D9E63F756}.Debug Static|Mixed Platforms.Build.0 = Debug|Win32
		{30285AEF-522A-4EE6-8805-FD8D9E63F756}.Debug Static|Win32.ActiveCfg = Debug|Win32
		{30285AEF-522A-4EE6-8805-FD8D9E63F756}.Debug Static|Win32.Build.0 = Debug|Win32
		{30285AEF-522A-4EE6-8805-FD8D9E63F756}.Debug Static|x64.ActiveCfg = Debug|x64
		{30285AEF-522A-4EE6-8805-FD8D9E63F756}.Debug Static|x64.Build.0 = Debug|x64
		{30285AEF-522A-4EE6-8805-FD8D9E63F756}.Debug Static|x86.ActiveCfg = Debug|Win32
		{30285AEF-522A-4EE6-8805-FD8D9E63F756}.Debug Static|x86.Build.0 = Debug|Win32
		{30285AEF-522A-4EE6-8805-FD8D9E63F756}.Debug|Any CPU.ActiveCfg = Debug|Win32
		{30285AEF-522A-4EE6-8805-FD8D9E63F756}.Debug|Mixed Platforms.ActiveCfg = Debug|Win32
		{30285AEF-522A-4EE6-8805-FD8D9E63F756}.Debug|Mixed Platforms.Build.0 = Debug|Win32
		{30285AEF-522A-4EE6-8805-FD8D9E63F756}.Debug|Win32.ActiveCfg = Debug|Win32
		{30285AEF-522A-4EE6-8805-FD8D9E63F756}.Debug|Win32.Build.0 = Debug|Win32
		{30285AEF-522A-4EE6-8805-FD8D9E63F756}.Debug|x64.ActiveCfg = Debug|x64
		{30285AEF-522A-4EE6-8805-FD8D9E63F756}.Debug|x64.Build.0 = Debug|x64
		{30285AEF-522A-4EE6-8805-FD8D9E63F756}.Debug|x86.ActiveCfg = Debug|Win32
		{30285AEF-522A-4EE6-8805-FD8D9E63F756}.Debug|x86.Build.0 = Debug|Win32
		{30285AEF-522A-4EE6-8805-FD8D9E63F756}.DLL-Import Debug|Any CPU.ActiveCfg = Debug|Win32
		{30285AEF-522A-4EE6-8805-FD8D9E63F756}.DLL-Import Debug|Mixed Platforms.ActiveCfg = Debug|Win32
		{30285AEF-522A-4EE6-8805-FD8D9E63F756}.DLL-Import Debug|Mixed Platforms.Build.0 = Debug|Win32
		{30285AEF-522A-4EE6-8805-FD8D9E63F756}.DLL-Import Debug|Win32.ActiveCfg = Debug|Win32
		{30285AEF-522A-4EE6-8805-FD8D9E63F756}.DLL-Import Debug|Win32.Build.0 = Debug|Win32
		{30285AEF-522A-4EE6-8805-FD8D9E63F756}.DLL-Import Debug|x64.ActiveCfg = Debug|x64
		{30285AEF-522A-4EE6-8805-FD8D9E63F756}.DLL-Import Debug|x64.Build.0 = Debug|x64
		{30285AEF-522A-4EE6-8805-FD8D9E63F756}.DLL-Import Debug|x86.ActiveCfg = Debug|Win32
		{30285AEF-522A-4EE6-8805-FD8D9E63F756}.DLL-Import Debug|x86.Build.0 = Debug|Win32
		{30285AEF-522A-4EE6-8805-FD8D9E63F756}.DLL-Import Release|Any CPU.ActiveCfg = Release|Win32
		{30285AEF-522A-4EE6-8805-FD8D9E63F756}.DLL-Import Release|Mixed Platforms.ActiveCfg = Release|Win32
		{30285AEF-522A-4EE6-8805-FD8D9E63F756}.DLL-Import Release|Mixed Platforms.Build.0 = Release|Win32
		{30285AEF-522A-4EE6-8805-FD8D9E63F756}.DLL-Import Release|Win32.ActiveCfg = Release|Win32
		{30285AEF-522A-4EE6-8805-FD8D9E63F756}.DLL-Import Release|Win32.Build.0 = Release|Win32
		{30285AEF-522A-4EE6-8805-FD8D9E63F756}.DLL-Import Release|x64.ActiveCfg = Release|x64
		{30285AEF-522A-4EE6-8805-FD8D9E63F756}.DLL-Import Release|x64.Build.0 = Release|x64
		{30285AEF-522A-4EE6-8805-FD8D9E63F756}.DLL-Import Release|x86.ActiveCfg = Release|Win32
		{30285AEF-522A-4EE6-8805-FD8D9E63F756}.DLL-Import Release|x86.Build.0 = Release|Win32
		{30285AEF-522A-4EE6-8805-FD8D9E63F756}.Official_Build|Any CPU.ActiveCfg = Release|Win32
		{30285AEF-522A-4EE6-8805-FD8D9E63F756}.Official_Build|Mixed Platforms.ActiveCfg = Release|Win32
		{30285AEF-522A-4EE6-8805-FD8D9E63F756}.Official_Build|Mixed Platforms.Build.0 = Release|Win32
		{30285AEF-522A-4EE6-8805-FD8D9E63F756}.Official_Build|Win32.ActiveCfg = Release|Win32
		{30285AEF-522A-4EE6-8805-FD8D9E63F756}.Official_Build|Win32.Build.0 = Release|Win32
		{30285AEF-522A-4EE6-8805-FD8D9E63F756}.Official_Build|x64.ActiveCfg = Release|x64
		{30285AEF-522A-4EE6-8805-FD8D9E63F756}.Official_Build|x64.Build.0 = Release|x64
		{30285AEF-522A-4EE6-8805-FD8D9E63F756}.Official_Build|x86.ActiveCfg = Release|Win32
		{30285AEF-522A-4EE6-8805-FD8D9E63F756}.Official_Build|x86.Build.0 = Release|Win32
		{30285AEF-522A-4EE6-8805-FD8D9E63F756}.Release Static|Any CPU.ActiveCfg = Release|Win32
		{30285AEF-522A-4EE6-8805-FD8D9E63F756}.Release Static|Mixed Platforms.ActiveCfg = Release|Win32
		{30285AEF-522A-4EE6-8805-FD8D9E63F756}.Release Static|Mixed Platforms.Build.0 = Release|Win32
		{30285AEF-522A-4EE6-8805-FD8D9E63F756}.Release Static|Win32.ActiveCfg = Release|Win32
		{30285AEF-522A-4EE6-8805-FD8D9E63F756}.Release Static|Win32.Build.0 = Release|Win32
		{30285AEF-522A-4EE6-8805-FD8D9E63F756}.Release Static|x64.ActiveCfg = Release|x64
		{30285AEF-522A-4EE6-8805-FD8D9E63F756}.Release Static|x64.Build.0 = Release|x64
		{30285AEF-522A-4EE6-8805-FD8D9E63F756}.Release Static|x86.ActiveCfg = Release|Win32
		{30285AEF-522A-4EE6-8805-FD8D9E63F756}.Release Static|x86.Build.0 = Release|Win32
		{30285AEF-522A-4EE6-8805-FD8D9E63F756}.Release|Any CPU.ActiveCfg = Release|Win32
		{30285AEF-522A-4EE6-8805-FD8D9E63F756}.Release|Mixed Platforms.ActiveCfg = Release|Win32
		{30285AEF-522A-4EE6-8805-FD8D9E63F756}.Release|Mixed Platforms.Build.0 = Release|Win32
		{30285AEF-522A-4EE6-8805-FD8D9E63F756}.Release|Win32.ActiveCfg = Release|Win32
		{30285AEF-522A-4EE6-8805-FD8D9E63F756}.Release|Win32.Build.0 = Release|Win32
		{30285AEF-522A-4EE6-8805-FD8D9E63F756}.Release|x64.ActiveCfg = Release|x64
		{30285AEF-522A-4EE6-8805-FD8D9E63F756}.Release|x64.Build.0 = Release|x64
		{30285AEF-522A-4EE6-8805-FD8D9E63F756}.Release|x86.ActiveCfg = Release|Win32
		{30285AEF-522A-4EE6-8805-FD8D9E63F756}.Release|x86.Build.0 = Release|Win32
		{4B2C44BC-61C1-4A74-9702-8C8F6F1238C4}.Debug Static|Any CPU.ActiveCfg = Debug|Win32
		{4B2C44BC-61C1-4A74-9702-8C8F6F1238C4}.Debug Static|Mixed Platforms.ActiveCfg = Debug|Win32
		{4B2C44BC-61C1-4A74-9702-8C8F6F1238C4}.Debug Static|Mixed Platforms.Build.0 = Debug|Win32
		{4B2C44BC-61C1-4A74-9702-8C8F6F1238C4}.Debug Static|Win32.ActiveCfg = Debug|Win32
		{4B2C44BC-61C1-4A74-9702-8C8F6F1238C4}.Debug Static|Win32.Build.0 = Debug|Win32
		{4B2C44BC-61C1-4A74-9702-8C8F6F1238C4}.Debug Static|x64.ActiveCfg = Debug|x64
		{4B2C44BC-61C1-4A74-9702-8C8F6F1238C4}.Debug Static|x64.Build.0 = Debug|x64
		{4B2C44BC-61C1-4A74-9702-8C8F6F1238C4}.Debug Static|x86.ActiveCfg = Debug|Win32
		{4B2C44BC-61C1-4A74-9702-8C8F6F1238C4}.Debug Static|x86.Build.0 = Debug|Win32
		{4B2C44BC-61C1-4A74-9702-8C8F6F1238C4}.Debug|Any CPU.ActiveCfg = Debug|Win32
		{4B2C44BC-61C1-4A74-9702-8C8F6F1238C4}.Debug|Mixed Platforms.ActiveCfg = Debug|Win32
		{4B2C44BC-61C1-4A74-9702-8C8F6F1238C4}.Debug|Mixed Platforms.Build.0 = Debug|Win32
		{4B2C44BC-61C1-4A74-9702-8C8F6F1238C4}.Debug|Win32.ActiveCfg = Debug|Win32
		{4B2C44BC-61C1-4A74-9702-8C8F6F1238C4}.Debug|Win32.Build.0 = Debug|Win32
		{4B2C44BC-61C1-4A74-9702-8C8F6F1238C4}.Debug|x64.ActiveCfg = Debug|x64
		{4B2C44BC-61C1-4A74-9702-8C8F6F1238C4}.Debug|x64.Build.0 = Debug|x64
		{4B2C44BC-61C1-4A74-9702-8C8F6F1238C4}.Debug|x86.ActiveCfg = Debug|Win32
		{4B2C44BC-61C1-4A74-9702-8C8F6F1238C4}.Debug|x86.Build.0 = Debug|Win32
		{4B2C44BC-61C1-4A74-9702-8C8F6F1238C4}.DLL-Import Debug|Any CPU.ActiveCfg = Debug|Win32
		{4B2C44BC-61C1-4A74-9702-8C8F6F1238C4}.DLL-Import Debug|Mixed Platforms.ActiveCfg = Debug|Win32
		{4B2C44BC-61C1-4A74-9702-8C8F6F1238C4}.DLL-Import Debug|Mixed Platforms.Build.0 = Debug|Win32
		{4B2C44BC-61C1-4A74-9702-8C8F6F1238C4}.DLL-Import Debug|Win32.ActiveCfg = Debug|Win32
		{4B2C44BC-61C1-4A74-9702-8C8F6F1238C4}.DLL-Import Debug|Win32.Build.0 = Debug|Win32
		{4B2C44BC-61C1-4A74-9702-8C8F6F1238C4}.DLL-Import Debug|x64.ActiveCfg = Debug|x64
		{4B2C44BC-61C1-4A74-9702-8C8F6F1238C4}.DLL-Import Debug|x64.Build.0 = Debug|x64
		{4B2C44BC-61C1-4A74-9702-8C8F6F1238C4}.DLL-Import Debug|x86.ActiveCfg = Debug|Win32
		{4B2C44BC-61C1-4A74-9702-8C8F6F1238C4}.DLL-Import Debug|x86.Build.0 = Debug|Win32
		{4B2C44BC-61C1-4A74-9702-8C8F6F1238C4}.DLL-Import Release|Any CPU.ActiveCfg = Release|Win32
		{4B2C44BC-61C1-4A74-9702-8C8F6F1238C4}.DLL-Import Release|Mixed Platforms.ActiveCfg = Release|Win32
		{4B2C44BC-61C1-4A74-9702-8C8F6F1238C4}.DLL-Import Release|Mixed Platforms.Build.0 = Release|Win32
		{4B2C44BC-61C1-4A74-9702-8C8F6F1238C4}.DLL-Import Release|Win32.ActiveCfg = Release|Win32
		{4B2C44BC-61C1-4A74-9702-8C8F6F1238C4}.DLL-Import Release|Win32.Build.0 = Release|Win32
		{4B2C44BC-61C1-4A74-9702-8C8F6F1238C4}.DLL-Import Release|x64.ActiveCfg = Release|x64
		{4B2C44BC-61C1-4A74-9702-8C8F6F1238C4}.DLL-Import Release|x64.Build.0 = Release|x64
		{4B2C44BC-61C1-4A74-9702-8C8F6F1238C4}.DLL-Import Release|x86.ActiveCfg = Release|Win32
		{4B2C44BC-61C1-4A74-9702-8C8F6F1238C4}.DLL-Import Release|x86.Build.0 = Release|Win32
		{4B2C44BC-61C1-4A74-9702-8C8F6F1238C4}.Official_Build|Any CPU.ActiveCfg = Release|Win32
		{4B2C44BC-61C1-4A74-9702-8C8F6F1238C4}.Official_Build|Mixed Platforms.ActiveCfg = Release|Win32
		{4B2C44BC-61C1-4A74-9702-8C8F6F1238C4}.Official_Build|Mixed Platforms.Build.0 = Release|Win32
		{4B2C44BC-61C1-4A74-9702-8C8F6F1238C4}.Official_Build|Win32.ActiveCfg = Release|Win32
		{4B2C44BC-61C1-4A74-9702-8C8F6F1238C4}.Official_Build|Win32.Build.0 = Release|Win32
		{4B2C44BC-61C1-4A74-9702-8C8F6F1238C4}.Official_Build|x64.ActiveCfg = Release|x64
		{4B2C44BC-61C1-4A74-9702-8C8F6F1238C4}.Official_Build|x64.Build.0 = Release|x64
		{4B2C44BC-61C1-4A74-9702-8C8F6F1238C4}.Official_Build|x86.ActiveCfg = Release|Win32
		{4B2C44BC-61C1-4A74-9702-8C8F6F1238C4}.Official_Build|x86.Build.0 = Release|Win32
		{4B2C44BC-61C1-4A74-9702-8C8F6F1238C4}.Release Static|Any CPU.ActiveCfg = Release|Win32
		{4B2C44BC-61C1-4A74-9702-8C8F6F1238C4}.Release Static|Mixed Platforms.ActiveCfg = Release|Win32
		{4B2C44BC-61C1-4A74-9702-8C8F6F1238C4}.Release Static|Mixed Platforms.Build.0 = Release|Win32
		{4B2C44BC-61C1-4A74-9702-8C8F6F1238C4}.Release Static|Win32.ActiveCfg = Release|Win32
		{4B2C44BC-61C1-4A74-9702-8C8F6F1238C4}.Release Static|Win32.Build.0 = Release|Win32
		{4B2C44BC-61C1-4A74-9702-8C8F6F1238C4}.Release Static|x64.ActiveCfg = Release|x64
		{4B2C44BC-61C1-4A74-9702-8C8F6F1238C4}.Release Static|x64.Build.0 = Release|x64
		{4B2C44BC-61C1-4A74-9702-8C8F6F1238C4}.Release Static|x86.ActiveCfg = Release|Win32
		{4B2C44BC-61C1-4A74-9702-8C8F6F1238C4}.Release Static|x86.Build.0 = Release|Win32
		{4B2C44BC-61C1-4A74-9702-8C8F6F1238C4}.Release|Any CPU.ActiveCfg = Release|Win32
		{4B2C44BC-61C1-4A74-9702-8C8F6F1238C4}.Release|Mixed Platforms.ActiveCfg = Release|Win32
		{4B2C44BC-61C1-4A74-9702-8C8F6F1238C4}.Release|Mixed Platforms.Build.0 = Release|Win32
		{4B2C44BC-61C1-4A74-9702-8C8F6F1238C4}.Release|Win32.ActiveCfg = Release|Win32
		{4B2C44BC-61C1-4A74-9702-8C8F6F1238C4}.Release|Win32.Build.0 = Release|Win32
		{4B2C44BC-61C1-4A74-9702-8C8F6F1238C4}.Release|x64.ActiveCfg = Release|x64
		{4B2C44BC-61C1-4A74-9702-8C8F6F1238C4}.Release|x64.Build.0 = Release|x64
		{4B2C44BC-61C1-4A74-9702-8C8F6F1238C4}.Release|x86.ActiveCfg = Release|Win32
		{4B2C44BC-61C1-4A74-9702-8C8F6F1238C4}.Release|x86.Build.0 = Release|Win32
		{643F6734-21D8-46A1-83D0-5B68F5223C47}.Debug Static|Any CPU.ActiveCfg = Debug Static|Win32
		{643F6734-21D8-46A1-83D0-5B68F5223C47}.Debug Static|Mixed Platforms.ActiveCfg = Debug Static|Win32
		{643F6734-21D8-46A1-83D0-5B68F5223C47}.Debug Static|Mixed Platforms.Build.0 = Debug Static|Win32
		{643F6734-21D8-46A1-83D0-5B68F5223C47}.Debug Static|Win32.ActiveCfg = Debug Static|Win32
		{643F6734-21D8-46A1-83D0-5B68F5223C47}.Debug Static|Win32.Build.0 = Debug Static|Win32
		{643F6734-21D8-46A1-83D0-5B68F5223C47}.Debug Static|x64.ActiveCfg = Debug Static|x64
		{643F6734-21D8-46A1-83D0-5B68F5223C47}.Debug Static|x64.Build.0 = Debug Static|x64
		{643F6734-21D8-46A1-83D0-5B68F5223C47}.Debug Static|x86.ActiveCfg = Debug Static|Win32
		{643F6734-21D8-46A1-83D0-5B68F5223C47}.Debug Static|x86.Build.0 = Debug Static|Win32
		{643F6734-21D8-46A1-83D0-5B68F5223C47}.Debug|Any CPU.ActiveCfg = Debug|Win32
		{643F6734-21D8-46A1-83D0-5B68F5223C47}.Debug|Mixed Platforms.ActiveCfg = Debug|Win32
		{643F6734-21D8-46A1-83D0-5B68F5223C47}.Debug|Mixed Platforms.Build.0 = Debug|Win32
		{643F6734-21D8-46A1-83D0-5B68F5223C47}.Debug|Win32.ActiveCfg = Debug Static|Win32
		{643F6734-21D8-46A1-83D0-5B68F5223C47}.Debug|Win32.Build.0 = Debug Static|Win32
		{643F6734-21D8-46A1-83D0-5B68F5223C47}.Debug|x64.ActiveCfg = Debug|x64
		{643F6734-21D8-46A1-83D0-5B68F5223C47}.Debug|x64.Build.0 = Debug|x64
		{643F6734-21D8-46A1-83D0-5B68F5223C47}.Debug|x86.ActiveCfg = Debug Static|Win32
		{643F6734-21D8-46A1-83D0-5B68F5223C47}.Debug|x86.Build.0 = Debug Static|Win32
		{643F6734-21D8-46A1-83D0-5B68F5223C47}.DLL-Import Debug|Any CPU.ActiveCfg = Debug|Win32
		{643F6734-21D8-46A1-83D0-5B68F5223C47}.DLL-Import Debug|Mixed Platforms.ActiveCfg = Debug|Win32
		{643F6734-21D8-46A1-83D0-5B68F5223C47}.DLL-Import Debug|Mixed Platforms.Build.0 = Debug|Win32
		{643F6734-21D8-46A1-83D0-5B68F5223C47}.DLL-Import Debug|Win32.ActiveCfg = Debug|Win32
		{643F6734-21D8-46A1-83D0-5B68F5223C47}.DLL-Import Debug|Win32.Build.0 = Debug|Win32
		{643F6734-21D8-46A1-83D0-5B68F5223C47}.DLL-Import Debug|x64.ActiveCfg = Debug|x64
		{643F6734-21D8-46A1-83D0-5B68F5223C47}.DLL-Import Debug|x64.Build.0 = Debug|x64
		{643F6734-21D8-46A1-83D0-5B68F5223C47}.DLL-Import Debug|x86.ActiveCfg = Debug|Win32
		{643F6734-21D8-46A1-83D0-5B68F5223C47}.DLL-Import Debug|x86.Build.0 = Debug|Win32
		{643F6734-21D8-46A1-83D0-5B68F5223C47}.DLL-Import Release|Any CPU.ActiveCfg = Release|Win32
		{643F6734-21D8-46A1-83D0-5B68F5223C47}.DLL-Import Release|Mixed Platforms.ActiveCfg = Release|Win32
		{643F6734-21D8-46A1-83D0-5B68F5223C47}.DLL-Import Release|Mixed Platforms.Build.0 = Release|Win32
		{643F6734-21D8-46A1-83D0-5B68F5223C47}.DLL-Import Release|Win32.ActiveCfg = Release|Win32
		{643F6734-21D8-46A1-83D0-5B68F5223C47}.DLL-Import Release|Win32.Build.0 = Release|Win32
		{643F6734-21D8-46A1-83D0-5B68F5223C47}.DLL-Import Release|x64.ActiveCfg = Release|x64
		{643F6734-21D8-46A1-83D0-5B68F5223C47}.DLL-Import Release|x64.Build.0 = Release|x64
		{643F6734-21D8-46A1-83D0-5B68F5223C47}.DLL-Import Release|x86.ActiveCfg = Release|Win32
		{643F6734-21D8-46A1-83D0-5B68F5223C47}.DLL-Import Release|x86.Build.0 = Release|Win32
		{643F6734-21D8-46A1-83D0-5B68F5223C47}.Official_Build|Any CPU.ActiveCfg = Official_Build|Win32
		{643F6734-21D8-46A1-83D0-5B68F5223C47}.Official_Build|Mixed Platforms.ActiveCfg = Official_Build|Win32
		{643F6734-21D8-46A1-83D0-5B68F5223C47}.Official_Build|Mixed Platforms.Build.0 = Official_Build|Win32
		{643F6734-21D8-46A1-83D0-5B68F5223C47}.Official_Build|Win32.ActiveCfg = Official_Build|Win32
		{643F6734-21D8-46A1-83D0-5B68F5223C47}.Official_Build|Win32.Build.0 = Official_Build|Win32
		{643F6734-21D8-46A1-83D0-5B68F5223C47}.Official_Build|x64.ActiveCfg = Official_Build|x64
		{643F6734-21D8-46A1-83D0-5B68F5223C47}.Official_Build|x64.Build.0 = Official_Build|x64
		{643F6734-21D8-46A1-83D0-5B68F5223C47}.Official_Build|x86.ActiveCfg = Official_Build|Win32
		{643F6734-21D8-46A1-83D0-5B68F5223C47}.Official_Build|x86.Build.0 = Official_Build|Win32
		{643F6734-21D8-46A1-83D0-5B68F5223C47}.Release Static|Any CPU.ActiveCfg = Release Static|Win32
		{643F6734-21D8-46A1-83D0-5B68F5223C47}.Release Static|Mixed Platforms.ActiveCfg = Release Static|Win32
		{643F6734-21D8-46A1-83D0-5B68F5223C47}.Release Static|Mixed Platforms.Build.0 = Release Static|Win32
		{643F6734-21D8-46A1-83D0-5B68F5223C47}.Release Static|Win32.ActiveCfg = Release Static|Win32
		{643F6734-21D8-46A1-83D0-5B68F5223C47}.Release Static|Win32.Build.0 = Release Static|Win32
		{643F6734-21D8-46A1-83D0-5B68F5223C47}.Release Static|x64.ActiveCfg = Release Static|x64
		{643F6734-21D8-46A1-83D0-5B68F5223C47}.Release Static|x64.Build.0 = Release Static|x64
		{643F6734-21D8-46A1-83D0-5B68F5223C47}.Release Static|x86.ActiveCfg = Release Static|Win32
		{643F6734-21D8-46A1-83D0-5B68F5223C47}.Release Static|x86.Build.0 = Release Static|Win32
		{643F6734-21D8-46A1-83D0-5B68F5223C47}.Release|Any CPU.ActiveCfg = Release|Win32
		{643F6734-21D8-46A1-83D0-5B68F5223C47}.Release|Mixed Platforms.ActiveCfg = Release|Win32
		{643F6734-21D8-46A1-83D0-5B68F5223C47}.Release|Mixed Platforms.Build.0 = Release|Win32
		{643F6734-21D8-46A1-83D0-5B68F5223C47}.Release|Win32.ActiveCfg = Release Static|Win32
		{643F6734-21D8-46A1-83D0-5B68F5223C47}.Release|Win32.Build.0 = Release Static|Win32
		{643F6734-21D8-46A1-83D0-5B68F5223C47}.Release|x64.ActiveCfg = Release|x64
		{643F6734-21D8-46A1-83D0-5B68F5223C47}.Release|x64.Build.0 = Release|x64
		{643F6734-21D8-46A1-83D0-5B68F5223C47}.Release|x86.ActiveCfg = Release Static|Win32
		{643F6734-21D8-46A1-83D0-5B68F5223C47}.Release|x86.Build.0 = Release Static|Win32
		{3423EC9A-52E4-4A4D-9753-EDEBC38785EF}.Debug Static|Any CPU.ActiveCfg = Debug|Win32
		{3423EC9A-52E4-4A4D-9753-EDEBC38785EF}.Debug Static|Mixed Platforms.ActiveCfg = Debug|Win32
		{3423EC9A-52E4-4A4D-9753-EDEBC38785EF}.Debug Static|Mixed Platforms.Build.0 = Debug|Win32
		{3423EC9A-52E4-4A4D-9753-EDEBC38785EF}.Debug Static|Win32.ActiveCfg = Debug|Win32
		{3423EC9A-52E4-4A4D-9753-EDEBC38785EF}.Debug Static|Win32.Build.0 = Debug|Win32
		{3423EC9A-52E4-4A4D-9753-EDEBC38785EF}.Debug Static|x64.ActiveCfg = Debug|x64
		{3423EC9A-52E4-4A4D-9753-EDEBC38785EF}.Debug Static|x64.Build.0 = Debug|x64
		{3423EC9A-52E4-4A4D-9753-EDEBC38785EF}.Debug Static|x86.ActiveCfg = Debug|Win32
		{3423EC9A-52E4-4A4D-9753-EDEBC38785EF}.Debug Static|x86.Build.0 = Debug|Win32
		{3423EC9A-52E4-4A4D-9753-EDEBC38785EF}.Debug|Any CPU.ActiveCfg = Debug|Win32
		{3423EC9A-52E4-4A4D-9753-EDEBC38785EF}.Debug|Mixed Platforms.ActiveCfg = Debug|Win32
		{3423EC9A-52E4-4A4D-9753-EDEBC38785EF}.Debug|Mixed Platforms.Build.0 = Debug|Win32
		{3423EC9A-52E4-4A4D-9753-EDEBC38785EF}.Debug|Win32.ActiveCfg = Debug|Win32
		{3423EC9A-52E4-4A4D-9753-EDEBC38785EF}.Debug|Win32.Build.0 = Debug|Win32
		{3423EC9A-52E4-4A4D-9753-EDEBC38785EF}.Debug|x64.ActiveCfg = Debug|x64
		{3423EC9A-52E4-4A4D-9753-EDEBC38785EF}.Debug|x64.Build.0 = Debug|x64
		{3423EC9A-52E4-4A4D-9753-EDEBC38785EF}.Debug|x86.ActiveCfg = Debug|Win32
		{3423EC9A-52E4-4A4D-9753-EDEBC38785EF}.Debug|x86.Build.0 = Debug|Win32
		{3423EC9A-52E4-4A4D-9753-EDEBC38785EF}.DLL-Import Debug|Any CPU.ActiveCfg = DLL-Import Debug|Win32
		{3423EC9A-52E4-4A4D-9753-EDEBC38785EF}.DLL-Import Debug|Mixed Platforms.ActiveCfg = DLL-Import Debug|Win32
		{3423EC9A-52E4-4A4D-9753-EDEBC38785EF}.DLL-Import Debug|Mixed Platforms.Build.0 = DLL-Import Debug|Win32
		{3423EC9A-52E4-4A4D-9753-EDEBC38785EF}.DLL-Import Debug|Win32.ActiveCfg = DLL-Import Debug|Win32
		{3423EC9A-52E4-4A4D-9753-EDEBC38785EF}.DLL-Import Debug|Win32.Build.0 = DLL-Import Debug|Win32
		{3423EC9A-52E4-4A4D-9753-EDEBC38785EF}.DLL-Import Debug|x64.ActiveCfg = DLL-Import Debug|x64
		{3423EC9A-52E4-4A4D-9753-EDEBC38785EF}.DLL-Import Debug|x64.Build.0 = DLL-Import Debug|x64
		{3423EC9A-52E4-4A4D-9753-EDEBC38785EF}.DLL-Import Debug|x86.ActiveCfg = DLL-Import Debug|Win32
		{3423EC9A-52E4-4A4D-9753-EDEBC38785EF}.DLL-Import Debug|x86.Build.0 = DLL-Import Debug|Win32
		{3423EC9A-52E4-4A4D-9753-EDEBC38785EF}.DLL-Import Release|Any CPU.ActiveCfg = DLL-Import Release|Win32
		{3423EC9A-52E4-4A4D-9753-EDEBC38785EF}.DLL-Import Release|Mixed Platforms.ActiveCfg = DLL-Import Release|Win32
		{3423EC9A-52E4-4A4D-9753-EDEBC38785EF}.DLL-Import Release|Mixed Platforms.Build.0 = DLL-Import Release|Win32
		{3423EC9A-52E4-4A4D-9753-EDEBC38785EF}.DLL-Import Release|Win32.ActiveCfg = DLL-Import Release|Win32
		{3423EC9A-52E4-4A4D-9753-EDEBC38785EF}.DLL-Import Release|Win32.Build.0 = DLL-Import Release|Win32
		{3423EC9A-52E4-4A4D-9753-EDEBC38785EF}.DLL-Import Release|x64.ActiveCfg = DLL-Import Release|x64
		{3423EC9A-52E4-4A4D-9753-EDEBC38785EF}.DLL-Import Release|x64.Build.0 = DLL-Import Release|x64
		{3423EC9A-52E4-4A4D-9753-EDEBC38785EF}.DLL-Import Release|x86.ActiveCfg = DLL-Import Release|Win32
		{3423EC9A-52E4-4A4D-9753-EDEBC38785EF}.DLL-Import Release|x86.Build.0 = DLL-Import Release|Win32
		{3423EC9A-52E4-4A4D-9753-EDEBC38785EF}.Official_Build|Any CPU.ActiveCfg = Release|Win32
		{3423EC9A-52E4-4A4D-9753-EDEBC38785EF}.Official_Build|Mixed Platforms.ActiveCfg = Release|Win32
		{3423EC9A-52E4-4A4D-9753-EDEBC38785EF}.Official_Build|Mixed Platforms.Build.0 = Release|Win32
		{3423EC9A-52E4-4A4D-9753-EDEBC38785EF}.Official_Build|Win32.ActiveCfg = Release|Win32
		{3423EC9A-52E4-4A4D-9753-EDEBC38785EF}.Official_Build|Win32.Build.0 = Release|Win32
		{3423EC9A-52E4-4A4D-9753-EDEBC38785EF}.Official_Build|x64.ActiveCfg = Release|x64
		{3423EC9A-52E4-4A4D-9753-EDEBC38785EF}.Official_Build|x64.Build.0 = Release|x64
		{3423EC9A-52E4-4A4D-9753-EDEBC38785EF}.Official_Build|x86.ActiveCfg = Release|Win32
		{3423EC9A-52E4-4A4D-9753-EDEBC38785EF}.Official_Build|x86.Build.0 = Release|Win32
		{3423EC9A-52E4-4A4D-9753-EDEBC38785EF}.Release Static|Any CPU.ActiveCfg = Release|Win32
		{3423EC9A-52E4-4A4D-9753-EDEBC38785EF}.Release Static|Mixed Platforms.ActiveCfg = Release|Win32
		{3423EC9A-52E4-4A4D-9753-EDEBC38785EF}.Release Static|Mixed Platforms.Build.0 = Release|Win32
		{3423EC9A-52E4-4A4D-9753-EDEBC38785EF}.Release Static|Win32.ActiveCfg = Release|Win32
		{3423EC9A-52E4-4A4D-9753-EDEBC38785EF}.Release Static|Win32.Build.0 = Release|Win32
		{3423EC9A-52E4-4A4D-9753-EDEBC38785EF}.Release Static|x64.ActiveCfg = Release|x64
		{3423EC9A-52E4-4A4D-9753-EDEBC38785EF}.Release Static|x64.Build.0 = Release|x64
		{3423EC9A-52E4-4A4D-9753-EDEBC38785EF}.Release Static|x86.ActiveCfg = Release|Win32
		{3423EC9A-52E4-4A4D-9753-EDEBC38785EF}.Release Static|x86.Build.0 = Release|Win32
		{3423EC9A-52E4-4A4D-9753-EDEBC38785EF}.Release|Any CPU.ActiveCfg = Release|Win32
		{3423EC9A-52E4-4A4D-9753-EDEBC38785EF}.Release|Mixed Platforms.ActiveCfg = Release|Win32
		{3423EC9A-52E4-4A4D-9753-EDEBC38785EF}.Release|Mixed Platforms.Build.0 = Release|Win32
		{3423EC9A-52E4-4A4D-9753-EDEBC38785EF}.Release|Win32.ActiveCfg = Release|Win32
		{3423EC9A-52E4-4A4D-9753-EDEBC38785EF}.Release|Win32.Build.0 = Release|Win32
		{3423EC9A-52E4-4A4D-9753-EDEBC38785EF}.Release|x64.ActiveCfg = Release|x64
		{3423EC9A-52E4-4A4D-9753-EDEBC38785EF}.Release|x64.Build.0 = Release|x64
		{3423EC9A-52E4-4A4D-9753-EDEBC38785EF}.Release|x86.ActiveCfg = Release|Win32
		{3423EC9A-52E4-4A4D-9753-EDEBC38785EF}.Release|x86.Build.0 = Release|Win32
		{6D1E1B21-85FB-495F-A190-5100188A00AE}.Debug Static|Any CPU.ActiveCfg = Debug|Any CPU
		{6D1E1B21-85FB-495F-A190-5100188A00AE}.Debug Static|Any CPU.Build.0 = Debug|Any CPU
		{6D1E1B21-85FB-495F-A190-5100188A00AE}.Debug Static|Mixed Platforms.ActiveCfg = Debug|Any CPU
		{6D1E1B21-85FB-495F-A190-5100188A00AE}.Debug Static|Mixed Platforms.Build.0 = Debug|Any CPU
		{6D1E1B21-85FB-495F-A190-5100188A00AE}.Debug Static|Win32.ActiveCfg = Debug|Any CPU
		{6D1E1B21-85FB-495F-A190-5100188A00AE}.Debug Static|x64.ActiveCfg = Debug|Any CPU
		{6D1E1B21-85FB-495F-A190-5100188A00AE}.Debug Static|x86.ActiveCfg = Debug|Any CPU
		{6D1E1B21-85FB-495F-A190-5100188A00AE}.Debug|Any CPU.ActiveCfg = Debug|Any CPU
		{6D1E1B21-85FB-495F-A190-5100188A00AE}.Debug|Any CPU.Build.0 = Debug|Any CPU
		{6D1E1B21-85FB-495F-A190-5100188A00AE}.Debug|Mixed Platforms.ActiveCfg = Debug|Any CPU
		{6D1E1B21-85FB-495F-A190-5100188A00AE}.Debug|Mixed Platforms.Build.0 = Debug|Any CPU
		{6D1E1B21-85FB-495F-A190-5100188A00AE}.Debug|Win32.ActiveCfg = Debug|x86
		{6D1E1B21-85FB-495F-A190-5100188A00AE}.Debug|Win32.Build.0 = Debug|x86
		{6D1E1B21-85FB-495F-A190-5100188A00AE}.Debug|x64.ActiveCfg = Debug|Any CPU
		{6D1E1B21-85FB-495F-A190-5100188A00AE}.Debug|x86.ActiveCfg = Debug|Any CPU
		{6D1E1B21-85FB-495F-A190-5100188A00AE}.Debug|x86.Build.0 = Debug|Any CPU
		{6D1E1B21-85FB-495F-A190-5100188A00AE}.DLL-Import Debug|Any CPU.ActiveCfg = Debug|Any CPU
		{6D1E1B21-85FB-495F-A190-5100188A00AE}.DLL-Import Debug|Any CPU.Build.0 = Debug|Any CPU
		{6D1E1B21-85FB-495F-A190-5100188A00AE}.DLL-Import Debug|Mixed Platforms.ActiveCfg = Debug|Any CPU
		{6D1E1B21-85FB-495F-A190-5100188A00AE}.DLL-Import Debug|Mixed Platforms.Build.0 = Debug|Any CPU
		{6D1E1B21-85FB-495F-A190-5100188A00AE}.DLL-Import Debug|Win32.ActiveCfg = Debug|Any CPU
		{6D1E1B21-85FB-495F-A190-5100188A00AE}.DLL-Import Debug|x64.ActiveCfg = Debug|Any CPU
		{6D1E1B21-85FB-495F-A190-5100188A00AE}.DLL-Import Debug|x86.ActiveCfg = Debug|Any CPU
		{6D1E1B21-85FB-495F-A190-5100188A00AE}.DLL-Import Release|Any CPU.ActiveCfg = Release|Any CPU
		{6D1E1B21-85FB-495F-A190-5100188A00AE}.DLL-Import Release|Any CPU.Build.0 = Release|Any CPU
		{6D1E1B21-85FB-495F-A190-5100188A00AE}.DLL-Import Release|Mixed Platforms.ActiveCfg = Release|Any CPU
		{6D1E1B21-85FB-495F-A190-5100188A00AE}.DLL-Import Release|Mixed Platforms.Build.0 = Release|Any CPU
		{6D1E1B21-85FB-495F-A190-5100188A00AE}.DLL-Import Release|Win32.ActiveCfg = Release|Any CPU
		{6D1E1B21-85FB-495F-A190-5100188A00AE}.DLL-Import Release|x64.ActiveCfg = Release|Any CPU
		{6D1E1B21-85FB-495F-A190-5100188A00AE}.DLL-Import Release|x86.ActiveCfg = Release|Any CPU
		{6D1E1B21-85FB-495F-A190-5100188A00AE}.Official_Build|Any CPU.ActiveCfg = Release|Any CPU
		{6D1E1B21-85FB-495F-A190-5100188A00AE}.Official_Build|Any CPU.Build.0 = Release|Any CPU
		{6D1E1B21-85FB-495F-A190-5100188A00AE}.Official_Build|Mixed Platforms.ActiveCfg = Release|Any CPU
		{6D1E1B21-85FB-495F-A190-5100188A00AE}.Official_Build|Mixed Platforms.Build.0 = Release|Any CPU
		{6D1E1B21-85FB-495F-A190-5100188A00AE}.Official_Build|Win32.ActiveCfg = Release|Any CPU
		{6D1E1B21-85FB-495F-A190-5100188A00AE}.Official_Build|x64.ActiveCfg = Release|Any CPU
		{6D1E1B21-85FB-495F-A190-5100188A00AE}.Official_Build|x86.ActiveCfg = Release|Any CPU
		{6D1E1B21-85FB-495F-A190-5100188A00AE}.Release Static|Any CPU.ActiveCfg = Release|Any CPU
		{6D1E1B21-85FB-495F-A190-5100188A00AE}.Release Static|Any CPU.Build.0 = Release|Any CPU
		{6D1E1B21-85FB-495F-A190-5100188A00AE}.Release Static|Mixed Platforms.ActiveCfg = Release|Any CPU
		{6D1E1B21-85FB-495F-A190-5100188A00AE}.Release Static|Mixed Platforms.Build.0 = Release|Any CPU
		{6D1E1B21-85FB-495F-A190-5100188A00AE}.Release Static|Win32.ActiveCfg = Release|Any CPU
		{6D1E1B21-85FB-495F-A190-5100188A00AE}.Release Static|x64.ActiveCfg = Release|Any CPU
		{6D1E1B21-85FB-495F-A190-5100188A00AE}.Release Static|x86.ActiveCfg = Release|Any CPU
		{6D1E1B21-85FB-495F-A190-5100188A00AE}.Release|Any CPU.ActiveCfg = Release|Any CPU
		{6D1E1B21-85FB-495F-A190-5100188A00AE}.Release|Any CPU.Build.0 = Release|Any CPU
		{6D1E1B21-85FB-495F-A190-5100188A00AE}.Release|Mixed Platforms.ActiveCfg = Release|Any CPU
		{6D1E1B21-85FB-495F-A190-5100188A00AE}.Release|Mixed Platforms.Build.0 = Release|Any CPU
		{6D1E1B21-85FB-495F-A190-5100188A00AE}.Release|Win32.ActiveCfg = Release|x86
		{6D1E1B21-85FB-495F-A190-5100188A00AE}.Release|Win32.Build.0 = Release|x86
		{6D1E1B21-85FB-495F-A190-5100188A00AE}.Release|x64.ActiveCfg = Release|Any CPU
		{6D1E1B21-85FB-495F-A190-5100188A00AE}.Release|x86.ActiveCfg = Release|Any CPU
		{6D1E1B21-85FB-495F-A190-5100188A00AE}.Release|x86.Build.0 = Release|Any CPU
		{D3C821B9-F8E9-48EE-AF50-7925DE371E7B}.Debug Static|Any CPU.ActiveCfg = Debug|Any CPU
		{D3C821B9-F8E9-48EE-AF50-7925DE371E7B}.Debug Static|Any CPU.Build.0 = Debug|Any CPU
		{D3C821B9-F8E9-48EE-AF50-7925DE371E7B}.Debug Static|Mixed Platforms.ActiveCfg = Debug|Any CPU
		{D3C821B9-F8E9-48EE-AF50-7925DE371E7B}.Debug Static|Mixed Platforms.Build.0 = Debug|Any CPU
		{D3C821B9-F8E9-48EE-AF50-7925DE371E7B}.Debug Static|Win32.ActiveCfg = Debug|Any CPU
		{D3C821B9-F8E9-48EE-AF50-7925DE371E7B}.Debug Static|x64.ActiveCfg = Debug|Any CPU
		{D3C821B9-F8E9-48EE-AF50-7925DE371E7B}.Debug Static|x86.ActiveCfg = Debug|Any CPU
		{D3C821B9-F8E9-48EE-AF50-7925DE371E7B}.Debug|Any CPU.ActiveCfg = Debug|Any CPU
		{D3C821B9-F8E9-48EE-AF50-7925DE371E7B}.Debug|Any CPU.Build.0 = Debug|Any CPU
		{D3C821B9-F8E9-48EE-AF50-7925DE371E7B}.Debug|Mixed Platforms.ActiveCfg = Debug|Any CPU
		{D3C821B9-F8E9-48EE-AF50-7925DE371E7B}.Debug|Mixed Platforms.Build.0 = Debug|Any CPU
		{D3C821B9-F8E9-48EE-AF50-7925DE371E7B}.Debug|Win32.ActiveCfg = Debug|x86
		{D3C821B9-F8E9-48EE-AF50-7925DE371E7B}.Debug|Win32.Build.0 = Debug|x86
		{D3C821B9-F8E9-48EE-AF50-7925DE371E7B}.Debug|x64.ActiveCfg = Debug|Any CPU
		{D3C821B9-F8E9-48EE-AF50-7925DE371E7B}.Debug|x86.ActiveCfg = Debug|Any CPU
		{D3C821B9-F8E9-48EE-AF50-7925DE371E7B}.Debug|x86.Build.0 = Debug|Any CPU
		{D3C821B9-F8E9-48EE-AF50-7925DE371E7B}.DLL-Import Debug|Any CPU.ActiveCfg = Debug|Any CPU
		{D3C821B9-F8E9-48EE-AF50-7925DE371E7B}.DLL-Import Debug|Any CPU.Build.0 = Debug|Any CPU
		{D3C821B9-F8E9-48EE-AF50-7925DE371E7B}.DLL-Import Debug|Mixed Platforms.ActiveCfg = Debug|Any CPU
		{D3C821B9-F8E9-48EE-AF50-7925DE371E7B}.DLL-Import Debug|Mixed Platforms.Build.0 = Debug|Any CPU
		{D3C821B9-F8E9-48EE-AF50-7925DE371E7B}.DLL-Import Debug|Win32.ActiveCfg = Debug|Any CPU
		{D3C821B9-F8E9-48EE-AF50-7925DE371E7B}.DLL-Import Debug|x64.ActiveCfg = Debug|Any CPU
		{D3C821B9-F8E9-48EE-AF50-7925DE371E7B}.DLL-Import Debug|x86.ActiveCfg = Debug|Any CPU
		{D3C821B9-F8E9-48EE-AF50-7925DE371E7B}.DLL-Import Release|Any CPU.ActiveCfg = Release|Any CPU
		{D3C821B9-F8E9-48EE-AF50-7925DE371E7B}.DLL-Import Release|Any CPU.Build.0 = Release|Any CPU
		{D3C821B9-F8E9-48EE-AF50-7925DE371E7B}.DLL-Import Release|Mixed Platforms.ActiveCfg = Release|Any CPU
		{D3C821B9-F8E9-48EE-AF50-7925DE371E7B}.DLL-Import Release|Mixed Platforms.Build.0 = Release|Any CPU
		{D3C821B9-F8E9-48EE-AF50-7925DE371E7B}.DLL-Import Release|Win32.ActiveCfg = Release|Any CPU
		{D3C821B9-F8E9-48EE-AF50-7925DE371E7B}.DLL-Import Release|x64.ActiveCfg = Release|Any CPU
		{D3C821B9-F8E9-48EE-AF50-7925DE371E7B}.DLL-Import Release|x86.ActiveCfg = Release|Any CPU
		{D3C821B9-F8E9-48EE-AF50-7925DE371E7B}.Official_Build|Any CPU.ActiveCfg = Release|Any CPU
		{D3C821B9-F8E9-48EE-AF50-7925DE371E7B}.Official_Build|Any CPU.Build.0 = Release|Any CPU
		{D3C821B9-F8E9-48EE-AF50-7925DE371E7B}.Official_Build|Mixed Platforms.ActiveCfg = Release|Any CPU
		{D3C821B9-F8E9-48EE-AF50-7925DE371E7B}.Official_Build|Mixed Platforms.Build.0 = Release|Any CPU
		{D3C821B9-F8E9-48EE-AF50-7925DE371E7B}.Official_Build|Win32.ActiveCfg = Release|Any CPU
		{D3C821B9-F8E9-48EE-AF50-7925DE371E7B}.Official_Build|x64.ActiveCfg = Release|Any CPU
		{D3C821B9-F8E9-48EE-AF50-7925DE371E7B}.Official_Build|x86.ActiveCfg = Release|Any CPU
		{D3C821B9-F8E9-48EE-AF50-7925DE371E7B}.Release Static|Any CPU.ActiveCfg = Release|Any CPU
		{D3C821B9-F8E9-48EE-AF50-7925DE371E7B}.Release Static|Any CPU.Build.0 = Release|Any CPU
		{D3C821B9-F8E9-48EE-AF50-7925DE371E7B}.Release Static|Mixed Platforms.ActiveCfg = Release|Any CPU
		{D3C821B9-F8E9-48EE-AF50-7925DE371E7B}.Release Static|Mixed Platforms.Build.0 = Release|Any CPU
		{D3C821B9-F8E9-48EE-AF50-7925DE371E7B}.Release Static|Win32.ActiveCfg = Release|Any CPU
		{D3C821B9-F8E9-48EE-AF50-7925DE371E7B}.Release Static|x64.ActiveCfg = Release|Any CPU
		{D3C821B9-F8E9-48EE-AF50-7925DE371E7B}.Release Static|x86.ActiveCfg = Release|Any CPU
		{D3C821B9-F8E9-48EE-AF50-7925DE371E7B}.Release|Any CPU.ActiveCfg = Release|Any CPU
		{D3C821B9-F8E9-48EE-AF50-7925DE371E7B}.Release|Any CPU.Build.0 = Release|Any CPU
		{D3C821B9-F8E9-48EE-AF50-7925DE371E7B}.Release|Mixed Platforms.ActiveCfg = Release|Any CPU
		{D3C821B9-F8E9-48EE-AF50-7925DE371E7B}.Release|Mixed Platforms.Build.0 = Release|Any CPU
		{D3C821B9-F8E9-48EE-AF50-7925DE371E7B}.Release|Win32.ActiveCfg = Release|x86
		{D3C821B9-F8E9-48EE-AF50-7925DE371E7B}.Release|Win32.Build.0 = Release|x86
		{D3C821B9-F8E9-48EE-AF50-7925DE371E7B}.Release|x64.ActiveCfg = Release|Any CPU
		{D3C821B9-F8E9-48EE-AF50-7925DE371E7B}.Release|x86.ActiveCfg = Release|Any CPU
		{D3C821B9-F8E9-48EE-AF50-7925DE371E7B}.Release|x86.Build.0 = Release|Any CPU
		{D243AA71-77D1-4248-A98E-49C0952FBA33}.Debug Static|Any CPU.ActiveCfg = Debug|Any CPU
		{D243AA71-77D1-4248-A98E-49C0952FBA33}.Debug Static|Any CPU.Build.0 = Debug|Any CPU
		{D243AA71-77D1-4248-A98E-49C0952FBA33}.Debug Static|Mixed Platforms.ActiveCfg = Debug|x86
		{D243AA71-77D1-4248-A98E-49C0952FBA33}.Debug Static|Mixed Platforms.Build.0 = Debug|x86
		{D243AA71-77D1-4248-A98E-49C0952FBA33}.Debug Static|Win32.ActiveCfg = Debug|x86
		{D243AA71-77D1-4248-A98E-49C0952FBA33}.Debug Static|Win32.Build.0 = Debug|x86
		{D243AA71-77D1-4248-A98E-49C0952FBA33}.Debug Static|x64.ActiveCfg = Debug|Any CPU
		{D243AA71-77D1-4248-A98E-49C0952FBA33}.Debug Static|x86.ActiveCfg = Debug|x86
		{D243AA71-77D1-4248-A98E-49C0952FBA33}.Debug Static|x86.Build.0 = Debug|x86
		{D243AA71-77D1-4248-A98E-49C0952FBA33}.Debug|Any CPU.ActiveCfg = Debug|Any CPU
		{D243AA71-77D1-4248-A98E-49C0952FBA33}.Debug|Any CPU.Build.0 = Debug|Any CPU
		{D243AA71-77D1-4248-A98E-49C0952FBA33}.Debug|Mixed Platforms.ActiveCfg = Debug|x86
		{D243AA71-77D1-4248-A98E-49C0952FBA33}.Debug|Mixed Platforms.Build.0 = Debug|x86
		{D243AA71-77D1-4248-A98E-49C0952FBA33}.Debug|Win32.ActiveCfg = Debug|x86
		{D243AA71-77D1-4248-A98E-49C0952FBA33}.Debug|Win32.Build.0 = Debug|x86
		{D243AA71-77D1-4248-A98E-49C0952FBA33}.Debug|x64.ActiveCfg = Debug|Any CPU
		{D243AA71-77D1-4248-A98E-49C0952FBA33}.Debug|x86.ActiveCfg = Debug|Any CPU
		{D243AA71-77D1-4248-A98E-49C0952FBA33}.Debug|x86.Build.0 = Debug|Any CPU
		{D243AA71-77D1-4248-A98E-49C0952FBA33}.DLL-Import Debug|Any CPU.ActiveCfg = Debug|Any CPU
		{D243AA71-77D1-4248-A98E-49C0952FBA33}.DLL-Import Debug|Any CPU.Build.0 = Debug|Any CPU
		{D243AA71-77D1-4248-A98E-49C0952FBA33}.DLL-Import Debug|Mixed Platforms.ActiveCfg = Debug|x86
		{D243AA71-77D1-4248-A98E-49C0952FBA33}.DLL-Import Debug|Mixed Platforms.Build.0 = Debug|x86
		{D243AA71-77D1-4248-A98E-49C0952FBA33}.DLL-Import Debug|Win32.ActiveCfg = Debug|x86
		{D243AA71-77D1-4248-A98E-49C0952FBA33}.DLL-Import Debug|Win32.Build.0 = Debug|x86
		{D243AA71-77D1-4248-A98E-49C0952FBA33}.DLL-Import Debug|x64.ActiveCfg = Debug|Any CPU
		{D243AA71-77D1-4248-A98E-49C0952FBA33}.DLL-Import Debug|x86.ActiveCfg = Debug|x86
		{D243AA71-77D1-4248-A98E-49C0952FBA33}.DLL-Import Debug|x86.Build.0 = Debug|x86
		{D243AA71-77D1-4248-A98E-49C0952FBA33}.DLL-Import Release|Any CPU.ActiveCfg = Release|Any CPU
		{D243AA71-77D1-4248-A98E-49C0952FBA33}.DLL-Import Release|Any CPU.Build.0 = Release|Any CPU
		{D243AA71-77D1-4248-A98E-49C0952FBA33}.DLL-Import Release|Mixed Platforms.ActiveCfg = Release|x86
		{D243AA71-77D1-4248-A98E-49C0952FBA33}.DLL-Import Release|Mixed Platforms.Build.0 = Release|x86
		{D243AA71-77D1-4248-A98E-49C0952FBA33}.DLL-Import Release|Win32.ActiveCfg = Release|x86
		{D243AA71-77D1-4248-A98E-49C0952FBA33}.DLL-Import Release|Win32.Build.0 = Release|x86
		{D243AA71-77D1-4248-A98E-49C0952FBA33}.DLL-Import Release|x64.ActiveCfg = Release|Any CPU
		{D243AA71-77D1-4248-A98E-49C0952FBA33}.DLL-Import Release|x86.ActiveCfg = Release|x86
		{D243AA71-77D1-4248-A98E-49C0952FBA33}.DLL-Import Release|x86.Build.0 = Release|x86
		{D243AA71-77D1-4248-A98E-49C0952FBA33}.Official_Build|Any CPU.ActiveCfg = Release|Any CPU
		{D243AA71-77D1-4248-A98E-49C0952FBA33}.Official_Build|Any CPU.Build.0 = Release|Any CPU
		{D243AA71-77D1-4248-A98E-49C0952FBA33}.Official_Build|Mixed Platforms.ActiveCfg = Release|x86
		{D243AA71-77D1-4248-A98E-49C0952FBA33}.Official_Build|Mixed Platforms.Build.0 = Release|x86
		{D243AA71-77D1-4248-A98E-49C0952FBA33}.Official_Build|Win32.ActiveCfg = Release|x86
		{D243AA71-77D1-4248-A98E-49C0952FBA33}.Official_Build|Win32.Build.0 = Release|x86
		{D243AA71-77D1-4248-A98E-49C0952FBA33}.Official_Build|x64.ActiveCfg = Release|Any CPU
		{D243AA71-77D1-4248-A98E-49C0952FBA33}.Official_Build|x86.ActiveCfg = Release|x86
		{D243AA71-77D1-4248-A98E-49C0952FBA33}.Official_Build|x86.Build.0 = Release|x86
		{D243AA71-77D1-4248-A98E-49C0952FBA33}.Release Static|Any CPU.ActiveCfg = Release|Any CPU
		{D243AA71-77D1-4248-A98E-49C0952FBA33}.Release Static|Any CPU.Build.0 = Release|Any CPU
		{D243AA71-77D1-4248-A98E-49C0952FBA33}.Release Static|Mixed Platforms.ActiveCfg = Release|x86
		{D243AA71-77D1-4248-A98E-49C0952FBA33}.Release Static|Mixed Platforms.Build.0 = Release|x86
		{D243AA71-77D1-4248-A98E-49C0952FBA33}.Release Static|Win32.ActiveCfg = Release|x86
		{D243AA71-77D1-4248-A98E-49C0952FBA33}.Release Static|Win32.Build.0 = Release|x86
		{D243AA71-77D1-4248-A98E-49C0952FBA33}.Release Static|x64.ActiveCfg = Release|Any CPU
		{D243AA71-77D1-4248-A98E-49C0952FBA33}.Release Static|x86.ActiveCfg = Release|x86
		{D243AA71-77D1-4248-A98E-49C0952FBA33}.Release Static|x86.Build.0 = Release|x86
		{D243AA71-77D1-4248-A98E-49C0952FBA33}.Release|Any CPU.ActiveCfg = Release|Any CPU
		{D243AA71-77D1-4248-A98E-49C0952FBA33}.Release|Any CPU.Build.0 = Release|Any CPU
		{D243AA71-77D1-4248-A98E-49C0952FBA33}.Release|Mixed Platforms.ActiveCfg = Release|x86
		{D243AA71-77D1-4248-A98E-49C0952FBA33}.Release|Mixed Platforms.Build.0 = Release|x86
		{D243AA71-77D1-4248-A98E-49C0952FBA33}.Release|Win32.ActiveCfg = Release|x86
		{D243AA71-77D1-4248-A98E-49C0952FBA33}.Release|Win32.Build.0 = Release|x86
		{D243AA71-77D1-4248-A98E-49C0952FBA33}.Release|x64.ActiveCfg = Release|Any CPU
		{D243AA71-77D1-4248-A98E-49C0952FBA33}.Release|x86.ActiveCfg = Release|Any CPU
		{D243AA71-77D1-4248-A98E-49C0952FBA33}.Release|x86.Build.0 = Release|Any CPU
		{83BD3374-2C88-4D49-B1A4-27D79EA04C76}.Debug Static|Any CPU.ActiveCfg = Debug|Any CPU
		{83BD3374-2C88-4D49-B1A4-27D79EA04C76}.Debug Static|Any CPU.Build.0 = Debug|Any CPU
		{83BD3374-2C88-4D49-B1A4-27D79EA04C76}.Debug Static|Mixed Platforms.ActiveCfg = Debug|Any CPU
		{83BD3374-2C88-4D49-B1A4-27D79EA04C76}.Debug Static|Mixed Platforms.Build.0 = Debug|Any CPU
		{83BD3374-2C88-4D49-B1A4-27D79EA04C76}.Debug Static|Win32.ActiveCfg = Debug|Any CPU
		{83BD3374-2C88-4D49-B1A4-27D79EA04C76}.Debug Static|x64.ActiveCfg = Debug|Any CPU
		{83BD3374-2C88-4D49-B1A4-27D79EA04C76}.Debug Static|x86.ActiveCfg = Debug|Any CPU
		{83BD3374-2C88-4D49-B1A4-27D79EA04C76}.Debug|Any CPU.ActiveCfg = Debug|Any CPU
		{83BD3374-2C88-4D49-B1A4-27D79EA04C76}.Debug|Any CPU.Build.0 = Debug|Any CPU
		{83BD3374-2C88-4D49-B1A4-27D79EA04C76}.Debug|Mixed Platforms.ActiveCfg = Debug|Any CPU
		{83BD3374-2C88-4D49-B1A4-27D79EA04C76}.Debug|Mixed Platforms.Build.0 = Debug|Any CPU
		{83BD3374-2C88-4D49-B1A4-27D79EA04C76}.Debug|Win32.ActiveCfg = Debug|Any CPU
		{83BD3374-2C88-4D49-B1A4-27D79EA04C76}.Debug|x64.ActiveCfg = Debug|Any CPU
		{83BD3374-2C88-4D49-B1A4-27D79EA04C76}.Debug|x86.ActiveCfg = Debug|Any CPU
		{83BD3374-2C88-4D49-B1A4-27D79EA04C76}.Debug|x86.Build.0 = Debug|Any CPU
		{83BD3374-2C88-4D49-B1A4-27D79EA04C76}.DLL-Import Debug|Any CPU.ActiveCfg = Debug|Any CPU
		{83BD3374-2C88-4D49-B1A4-27D79EA04C76}.DLL-Import Debug|Any CPU.Build.0 = Debug|Any CPU
		{83BD3374-2C88-4D49-B1A4-27D79EA04C76}.DLL-Import Debug|Mixed Platforms.ActiveCfg = Debug|Any CPU
		{83BD3374-2C88-4D49-B1A4-27D79EA04C76}.DLL-Import Debug|Mixed Platforms.Build.0 = Debug|Any CPU
		{83BD3374-2C88-4D49-B1A4-27D79EA04C76}.DLL-Import Debug|Win32.ActiveCfg = Debug|Any CPU
		{83BD3374-2C88-4D49-B1A4-27D79EA04C76}.DLL-Import Debug|x64.ActiveCfg = Debug|Any CPU
		{83BD3374-2C88-4D49-B1A4-27D79EA04C76}.DLL-Import Debug|x86.ActiveCfg = Debug|Any CPU
		{83BD3374-2C88-4D49-B1A4-27D79EA04C76}.DLL-Import Release|Any CPU.ActiveCfg = Release|Any CPU
		{83BD3374-2C88-4D49-B1A4-27D79EA04C76}.DLL-Import Release|Any CPU.Build.0 = Release|Any CPU
		{83BD3374-2C88-4D49-B1A4-27D79EA04C76}.DLL-Import Release|Mixed Platforms.ActiveCfg = Release|Any CPU
		{83BD3374-2C88-4D49-B1A4-27D79EA04C76}.DLL-Import Release|Mixed Platforms.Build.0 = Release|Any CPU
		{83BD3374-2C88-4D49-B1A4-27D79EA04C76}.DLL-Import Release|Win32.ActiveCfg = Release|Any CPU
		{83BD3374-2C88-4D49-B1A4-27D79EA04C76}.DLL-Import Release|x64.ActiveCfg = Release|Any CPU
		{83BD3374-2C88-4D49-B1A4-27D79EA04C76}.DLL-Import Release|x86.ActiveCfg = Release|Any CPU
		{83BD3374-2C88-4D49-B1A4-27D79EA04C76}.Official_Build|Any CPU.ActiveCfg = Release|Any CPU
		{83BD3374-2C88-4D49-B1A4-27D79EA04C76}.Official_Build|Any CPU.Build.0 = Release|Any CPU
		{83BD3374-2C88-4D49-B1A4-27D79EA04C76}.Official_Build|Mixed Platforms.ActiveCfg = Release|Any CPU
		{83BD3374-2C88-4D49-B1A4-27D79EA04C76}.Official_Build|Mixed Platforms.Build.0 = Release|Any CPU
		{83BD3374-2C88-4D49-B1A4-27D79EA04C76}.Official_Build|Win32.ActiveCfg = Release|Any CPU
		{83BD3374-2C88-4D49-B1A4-27D79EA04C76}.Official_Build|x64.ActiveCfg = Release|Any CPU
		{83BD3374-2C88-4D49-B1A4-27D79EA04C76}.Official_Build|x86.ActiveCfg = Release|Any CPU
		{83BD3374-2C88-4D49-B1A4-27D79EA04C76}.Release Static|Any CPU.ActiveCfg = Release|Any CPU
		{83BD3374-2C88-4D49-B1A4-27D79EA04C76}.Release Static|Any CPU.Build.0 = Release|Any CPU
		{83BD3374-2C88-4D49-B1A4-27D79EA04C76}.Release Static|Mixed Platforms.ActiveCfg = Release|Any CPU
		{83BD3374-2C88-4D49-B1A4-27D79EA04C76}.Release Static|Mixed Platforms.Build.0 = Release|Any CPU
		{83BD3374-2C88-4D49-B1A4-27D79EA04C76}.Release Static|Win32.ActiveCfg = Release|Any CPU
		{83BD3374-2C88-4D49-B1A4-27D79EA04C76}.Release Static|x64.ActiveCfg = Release|Any CPU
		{83BD3374-2C88-4D49-B1A4-27D79EA04C76}.Release Static|x86.ActiveCfg = Release|Any CPU
		{83BD3374-2C88-4D49-B1A4-27D79EA04C76}.Release|Any CPU.ActiveCfg = Release|Any CPU
		{83BD3374-2C88-4D49-B1A4-27D79EA04C76}.Release|Any CPU.Build.0 = Release|Any CPU
		{83BD3374-2C88-4D49-B1A4-27D79EA04C76}.Release|Mixed Platforms.ActiveCfg = Release|Any CPU
		{83BD3374-2C88-4D49-B1A4-27D79EA04C76}.Release|Mixed Platforms.Build.0 = Release|Any CPU
		{83BD3374-2C88-4D49-B1A4-27D79EA04C76}.Release|Win32.ActiveCfg = Release|Any CPU
		{83BD3374-2C88-4D49-B1A4-27D79EA04C76}.Release|x64.ActiveCfg = Release|Any CPU
		{83BD3374-2C88-4D49-B1A4-27D79EA04C76}.Release|x86.ActiveCfg = Release|Any CPU
		{83BD3374-2C88-4D49-B1A4-27D79EA04C76}.Release|x86.Build.0 = Release|Any CPU
	EndGlobalSection
	GlobalSection(SolutionProperties) = preSolution
		HideSolutionNode = FALSE
	EndGlobalSection
	GlobalSection(NestedProjects) = preSolution
		{880B08C4-A1BA-41F7-B3FE-41A37AC4A91A} = {E0A2ED17-5B2D-469C-B018-4DFC47A519C3}
		{B66F61A3-030F-47F1-AF60-E6E6D82BADCF} = {E0A2ED17-5B2D-469C-B018-4DFC47A519C3}
		{30285AEF-522A-4EE6-8805-FD8D9E63F756} = {E0A2ED17-5B2D-469C-B018-4DFC47A519C3}
		{4B2C44BC-61C1-4A74-9702-8C8F6F1238C4} = {E0A2ED17-5B2D-469C-B018-4DFC47A519C3}
		{643F6734-21D8-46A1-83D0-5B68F5223C47} = {E0A2ED17-5B2D-469C-B018-4DFC47A519C3}
		{3423EC9A-52E4-4A4D-9753-EDEBC38785EF} = {E0A2ED17-5B2D-469C-B018-4DFC47A519C3}
		{D243AA71-77D1-4248-A98E-49C0952FBA33} = {8AE56FCF-9C60-4FD0-B1D0-33E78982557A}
		{83BD3374-2C88-4D49-B1A4-27D79EA04C76} = {8AE56FCF-9C60-4FD0-B1D0-33E78982557A}
		{D3C821B9-F8E9-48EE-AF50-7925DE371E7B} = {8AE56FCF-9C60-4FD0-B1D0-33E78982557A}
	EndGlobalSection
EndGlobal
