
Microsoft Visual Studio Solution File, Format Version 12.00
# Visual Studio 2012
Project("{8BC9CEB8-8B4A-11D0-8D11-00A0C91BC942}") = "VaultIC_API_1XX", "IDT-Lib\vaultic-api-release_1.2.0\src\build\windows\VaultIC_API_1XX\VaultIC_API_1XX.vcxproj", "{643F6734-21D8-46A1-83D0-5B68F5223C47}"
EndProject
Project("{8BC9CEB8-8B4A-11D0-8D11-00A0C91BC942}") = "IDT-HW-Inf", "IDT-HW\IDT-HW-Inf\IDT-HW-Inf.vcxproj", "{B66F61A3-030F-47F1-AF60-E6E6D82BADCF}"
EndProject
Project("{8BC9CEB8-8B4A-11D0-8D11-00A0C91BC942}") = "RSCommon", "IDT-Lib\RSCommon\RSCommon.vcxproj", "{4B2C44BC-61C1-4A74-9702-8C8F6F1238C4}"
EndProject
Project("{8BC9CEB8-8B4A-11D0-8D11-00A0C91BC942}") = "IDT-Srv", "IDT-Lib\IDT-Srv\IDT-Srv.vcxproj", "{30285AEF-522A-4EE6-8805-FD8D9E63F756}"
EndProject
Project("{8BC9CEB8-8B4A-11D0-8D11-00A0C91BC942}") = "RS-TesterBL", "RS-Tester\RS-TesterBL\RS-TesterBL.vcxproj", "{078BCEFF-8288-42A8-ADD1-8E8C0765EDA7}"
	ProjectSection(ProjectDependencies) = postProject
		{30285AEF-522A-4EE6-8805-FD8D9E63F756} = {30285AEF-522A-4EE6-8805-FD8D9E63F756}
	EndProjectSection
EndProject
Project("{8BC9CEB8-8B4A-11D0-8D11-00A0C91BC942}") = "RS-TesterBLApp", "RS-Tester\RS-TesterBLApp\RS-TesterBLApp.vcxproj", "{1EA37A48-AB25-4ADE-A27B-6DA08F388AD2}"
EndProject
Project("{FAE04EC0-301F-11D3-BF4B-00C04F79EFBC}") = "RS-TesterUI", "RS-Tester\RS-TesterUI\RS-TesterUI.csproj", "{87285440-4EC9-41D8-836A-AC2B5B51871C}"
	ProjectSection(ProjectDependencies) = postProject
		{DD696D56-CF6A-4A01-9F22-AB3364BFB5D8} = {DD696D56-CF6A-4A01-9F22-AB3364BFB5D8}
	EndProjectSection
EndProject
Project("{8BC9CEB8-8B4A-11D0-8D11-00A0C91BC942}") = "RSTesterCLI", "RS-Tester\RSTesterCLI\RSTesterCLI.vcxproj", "{DD696D56-CF6A-4A01-9F22-AB3364BFB5D8}"
EndProject
Project("{2150E333-8FDC-42A3-9474-1A3956D46DE8}") = "RS-Tester", "RS-Tester", "{8A11A978-B63B-40B1-B8E6-FA5DB431E611}"
EndProject
Project("{2150E333-8FDC-42A3-9474-1A3956D46DE8}") = "Third Party", "Third Party", "{6D881726-BA5C-4EC8-BD2E-433BE5AED0AF}"
EndProject
Project("{2150E333-8FDC-42A3-9474-1A3956D46DE8}") = "IDT-HW", "IDT-HW", "{EBC748B3-6EDE-48D0-9CD0-A67618FF98FC}"
EndProject
Project("{2150E333-8FDC-42A3-9474-1A3956D46DE8}") = "IDT-Lib", "IDT-Lib", "{6D94657A-F1D5-42D8-8A31-0857535EF9F7}"
EndProject
Project("{8BC9CEB8-8B4A-11D0-8D11-00A0C91BC942}") = "cryptlib", "..\cryptopp562\cryptlib.vcxproj", "{3423EC9A-52E4-4A4D-9753-EDEBC38785EF}"
EndProject
Project("{8BC9CEB8-8B4A-11D0-8D11-00A0C91BC942}") = "log4cplus", "..\log4cplus-1.2.0-rc2\msvc10\log4cplus.vcxproj", "{917836A4-0DDC-47BE-B930-1B3BFDF6C940}"
EndProject
Project("{8BC9CEB8-8B4A-11D0-8D11-00A0C91BC942}") = "tinyxml2", "..\tinyxml2-master\tinyxml2\tinyxml2.vcxproj", "{D1C528B6-AA02-4D29-9D61-DC08E317A70D}"
EndProject
Project("{8BC9CEB8-8B4A-11D0-8D11-00A0C91BC942}") = "libzmq", "..\zeromq-4.0.4\builds\msvc\libzmq\libzmq.vcxproj", "{641C5F36-32EE-4323-B740-992B651CF9D6}"
EndProject
Global
	GlobalSection(SolutionConfigurationPlatforms) = preSolution
		Debug|Mixed Platforms = Debug|Mixed Platforms
		Debug|Win32 = Debug|Win32
		Debug|x64 = Debug|x64
		Release|Mixed Platforms = Release|Mixed Platforms
		Release|Win32 = Release|Win32
		Release|x64 = Release|x64
	EndGlobalSection
	GlobalSection(ProjectConfigurationPlatforms) = postSolution
		{643F6734-21D8-46A1-83D0-5B68F5223C47}.Debug|Mixed Platforms.ActiveCfg = Debug Static|Win32
		{643F6734-21D8-46A1-83D0-5B68F5223C47}.Debug|Mixed Platforms.Build.0 = Debug Static|Win32
		{643F6734-21D8-46A1-83D0-5B68F5223C47}.Debug|Win32.ActiveCfg = Debug Static|Win32
		{643F6734-21D8-46A1-83D0-5B68F5223C47}.Debug|Win32.Build.0 = Debug Static|Win32
		{643F6734-21D8-46A1-83D0-5B68F5223C47}.Debug|x64.ActiveCfg = Debug Static|x64
		{643F6734-21D8-46A1-83D0-5B68F5223C47}.Debug|x64.Build.0 = Debug Static|x64
		{643F6734-21D8-46A1-83D0-5B68F5223C47}.Release|Mixed Platforms.ActiveCfg = Release Static|Win32
		{643F6734-21D8-46A1-83D0-5B68F5223C47}.Release|Mixed Platforms.Build.0 = Release Static|Win32
		{643F6734-21D8-46A1-83D0-5B68F5223C47}.Release|Win32.ActiveCfg = Release Static|Win32
		{643F6734-21D8-46A1-83D0-5B68F5223C47}.Release|Win32.Build.0 = Release Static|Win32
		{643F6734-21D8-46A1-83D0-5B68F5223C47}.Release|x64.ActiveCfg = Release Static|x64
		{643F6734-21D8-46A1-83D0-5B68F5223C47}.Release|x64.Build.0 = Release Static|x64
		{B66F61A3-030F-47F1-AF60-E6E6D82BADCF}.Debug|Mixed Platforms.ActiveCfg = Debug|Win32
		{B66F61A3-030F-47F1-AF60-E6E6D82BADCF}.Debug|Mixed Platforms.Build.0 = Debug|Win32
		{B66F61A3-030F-47F1-AF60-E6E6D82BADCF}.Debug|Win32.ActiveCfg = Debug|Win32
		{B66F61A3-030F-47F1-AF60-E6E6D82BADCF}.Debug|Win32.Build.0 = Debug|Win32
		{B66F61A3-030F-47F1-AF60-E6E6D82BADCF}.Debug|x64.ActiveCfg = Debug|x64
		{B66F61A3-030F-47F1-AF60-E6E6D82BADCF}.Debug|x64.Build.0 = Debug|x64
		{B66F61A3-030F-47F1-AF60-E6E6D82BADCF}.Release|Mixed Platforms.ActiveCfg = Release|Win32
		{B66F61A3-030F-47F1-AF60-E6E6D82BADCF}.Release|Mixed Platforms.Build.0 = Release|Win32
		{B66F61A3-030F-47F1-AF60-E6E6D82BADCF}.Release|Win32.ActiveCfg = Release|Win32
		{B66F61A3-030F-47F1-AF60-E6E6D82BADCF}.Release|Win32.Build.0 = Release|Win32
		{B66F61A3-030F-47F1-AF60-E6E6D82BADCF}.Release|x64.ActiveCfg = Release|x64
		{B66F61A3-030F-47F1-AF60-E6E6D82BADCF}.Release|x64.Build.0 = Release|x64
		{4B2C44BC-61C1-4A74-9702-8C8F6F1238C4}.Debug|Mixed Platforms.ActiveCfg = Debug|Win32
		{4B2C44BC-61C1-4A74-9702-8C8F6F1238C4}.Debug|Mixed Platforms.Build.0 = Debug|Win32
		{4B2C44BC-61C1-4A74-9702-8C8F6F1238C4}.Debug|Win32.ActiveCfg = Debug|Win32
		{4B2C44BC-61C1-4A74-9702-8C8F6F1238C4}.Debug|Win32.Build.0 = Debug|Win32
		{4B2C44BC-61C1-4A74-9702-8C8F6F1238C4}.Debug|x64.ActiveCfg = Debug|x64
		{4B2C44BC-61C1-4A74-9702-8C8F6F1238C4}.Debug|x64.Build.0 = Debug|x64
		{4B2C44BC-61C1-4A74-9702-8C8F6F1238C4}.Release|Mixed Platforms.ActiveCfg = Release|Win32
		{4B2C44BC-61C1-4A74-9702-8C8F6F1238C4}.Release|Mixed Platforms.Build.0 = Release|Win32
		{4B2C44BC-61C1-4A74-9702-8C8F6F1238C4}.Release|Win32.ActiveCfg = Release|Win32
		{4B2C44BC-61C1-4A74-9702-8C8F6F1238C4}.Release|Win32.Build.0 = Release|Win32
		{4B2C44BC-61C1-4A74-9702-8C8F6F1238C4}.Release|x64.ActiveCfg = Release|x64
		{4B2C44BC-61C1-4A74-9702-8C8F6F1238C4}.Release|x64.Build.0 = Release|x64
		{30285AEF-522A-4EE6-8805-FD8D9E63F756}.Debug|Mixed Platforms.ActiveCfg = Debug|Win32
		{30285AEF-522A-4EE6-8805-FD8D9E63F756}.Debug|Mixed Platforms.Build.0 = Debug|Win32
		{30285AEF-522A-4EE6-8805-FD8D9E63F756}.Debug|Win32.ActiveCfg = Debug|Win32
		{30285AEF-522A-4EE6-8805-FD8D9E63F756}.Debug|Win32.Build.0 = Debug|Win32
		{30285AEF-522A-4EE6-8805-FD8D9E63F756}.Debug|x64.ActiveCfg = Debug|x64
		{30285AEF-522A-4EE6-8805-FD8D9E63F756}.Debug|x64.Build.0 = Debug|x64
		{30285AEF-522A-4EE6-8805-FD8D9E63F756}.Release|Mixed Platforms.ActiveCfg = Release|Win32
		{30285AEF-522A-4EE6-8805-FD8D9E63F756}.Release|Mixed Platforms.Build.0 = Release|Win32
		{30285AEF-522A-4EE6-8805-FD8D9E63F756}.Release|Win32.ActiveCfg = Release|Win32
		{30285AEF-522A-4EE6-8805-FD8D9E63F756}.Release|Win32.Build.0 = Release|Win32
		{30285AEF-522A-4EE6-8805-FD8D9E63F756}.Release|x64.ActiveCfg = Release|x64
		{30285AEF-522A-4EE6-8805-FD8D9E63F756}.Release|x64.Build.0 = Release|x64
		{078BCEFF-8288-42A8-ADD1-8E8C0765EDA7}.Debug|Mixed Platforms.ActiveCfg = Debug|Win32
		{078BCEFF-8288-42A8-ADD1-8E8C0765EDA7}.Debug|Mixed Platforms.Build.0 = Debug|Win32
		{078BCEFF-8288-42A8-ADD1-8E8C0765EDA7}.Debug|Win32.ActiveCfg = Debug|Win32
		{078BCEFF-8288-42A8-ADD1-8E8C0765EDA7}.Debug|Win32.Build.0 = Debug|Win32
		{078BCEFF-8288-42A8-ADD1-8E8C0765EDA7}.Debug|x64.ActiveCfg = Debug|x64
		{078BCEFF-8288-42A8-ADD1-8E8C0765EDA7}.Debug|x64.Build.0 = Debug|x64
		{078BCEFF-8288-42A8-ADD1-8E8C0765EDA7}.Release|Mixed Platforms.ActiveCfg = Release|Win32
		{078BCEFF-8288-42A8-ADD1-8E8C0765EDA7}.Release|Mixed Platforms.Build.0 = Release|Win32
		{078BCEFF-8288-42A8-ADD1-8E8C0765EDA7}.Release|Win32.ActiveCfg = Release|Win32
		{078BCEFF-8288-42A8-ADD1-8E8C0765EDA7}.Release|Win32.Build.0 = Release|Win32
		{078BCEFF-8288-42A8-ADD1-8E8C0765EDA7}.Release|x64.ActiveCfg = Release|x64
		{078BCEFF-8288-42A8-ADD1-8E8C0765EDA7}.Release|x64.Build.0 = Release|x64
		{1EA37A48-AB25-4ADE-A27B-6DA08F388AD2}.Debug|Mixed Platforms.ActiveCfg = Debug|Win32
		{1EA37A48-AB25-4ADE-A27B-6DA08F388AD2}.Debug|Mixed Platforms.Build.0 = Debug|Win32
		{1EA37A48-AB25-4ADE-A27B-6DA08F388AD2}.Debug|Win32.ActiveCfg = Debug|Win32
		{1EA37A48-AB25-4ADE-A27B-6DA08F388AD2}.Debug|Win32.Build.0 = Debug|Win32
		{1EA37A48-AB25-4ADE-A27B-6DA08F388AD2}.Debug|x64.ActiveCfg = Debug|x64
		{1EA37A48-AB25-4ADE-A27B-6DA08F388AD2}.Debug|x64.Build.0 = Debug|x64
		{1EA37A48-AB25-4ADE-A27B-6DA08F388AD2}.Release|Mixed Platforms.ActiveCfg = Release|Win32
		{1EA37A48-AB25-4ADE-A27B-6DA08F388AD2}.Release|Mixed Platforms.Build.0 = Release|Win32
		{1EA37A48-AB25-4ADE-A27B-6DA08F388AD2}.Release|Win32.ActiveCfg = Release|Win32
		{1EA37A48-AB25-4ADE-A27B-6DA08F388AD2}.Release|Win32.Build.0 = Release|Win32
		{1EA37A48-AB25-4ADE-A27B-6DA08F388AD2}.Release|x64.ActiveCfg = Release|x64
		{1EA37A48-AB25-4ADE-A27B-6DA08F388AD2}.Release|x64.Build.0 = Release|x64
		{87285440-4EC9-41D8-836A-AC2B5B51871C}.Debug|Mixed Platforms.ActiveCfg = Debug|x86
		{87285440-4EC9-41D8-836A-AC2B5B51871C}.Debug|Mixed Platforms.Build.0 = Debug|x86
		{87285440-4EC9-41D8-836A-AC2B5B51871C}.Debug|Win32.ActiveCfg = Debug|x86
		{87285440-4EC9-41D8-836A-AC2B5B51871C}.Debug|Win32.Build.0 = Debug|x86
		{87285440-4EC9-41D8-836A-AC2B5B51871C}.Debug|x64.ActiveCfg = Debug|x64
		{87285440-4EC9-41D8-836A-AC2B5B51871C}.Debug|x64.Build.0 = Debug|x64
		{87285440-4EC9-41D8-836A-AC2B5B51871C}.Release|Mixed Platforms.ActiveCfg = Release|x86
		{87285440-4EC9-41D8-836A-AC2B5B51871C}.Release|Mixed Platforms.Build.0 = Release|x86
		{87285440-4EC9-41D8-836A-AC2B5B51871C}.Release|Win32.ActiveCfg = Release|x86
		{87285440-4EC9-41D8-836A-AC2B5B51871C}.Release|Win32.Build.0 = Release|x86
		{87285440-4EC9-41D8-836A-AC2B5B51871C}.Release|x64.ActiveCfg = Release|x64
		{87285440-4EC9-41D8-836A-AC2B5B51871C}.Release|x64.Build.0 = Release|x64
		{DD696D56-CF6A-4A01-9F22-AB3364BFB5D8}.Debug|Mixed Platforms.ActiveCfg = Debug|Win32
		{DD696D56-CF6A-4A01-9F22-AB3364BFB5D8}.Debug|Mixed Platforms.Build.0 = Debug|Win32
		{DD696D56-CF6A-4A01-9F22-AB3364BFB5D8}.Debug|Win32.ActiveCfg = Debug|Win32
		{DD696D56-CF6A-4A01-9F22-AB3364BFB5D8}.Debug|Win32.Build.0 = Debug|Win32
		{DD696D56-CF6A-4A01-9F22-AB3364BFB5D8}.Debug|x64.ActiveCfg = Debug|x64
		{DD696D56-CF6A-4A01-9F22-AB3364BFB5D8}.Debug|x64.Build.0 = Debug|x64
		{DD696D56-CF6A-4A01-9F22-AB3364BFB5D8}.Release|Mixed Platforms.ActiveCfg = Release|Win32
		{DD696D56-CF6A-4A01-9F22-AB3364BFB5D8}.Release|Mixed Platforms.Build.0 = Release|Win32
		{DD696D56-CF6A-4A01-9F22-AB3364BFB5D8}.Release|Win32.ActiveCfg = Release|Win32
		{DD696D56-CF6A-4A01-9F22-AB3364BFB5D8}.Release|Win32.Build.0 = Release|Win32
		{DD696D56-CF6A-4A01-9F22-AB3364BFB5D8}.Release|x64.ActiveCfg = Release|x64
		{DD696D56-CF6A-4A01-9F22-AB3364BFB5D8}.Release|x64.Build.0 = Release|x64
		{3423EC9A-52E4-4A4D-9753-EDEBC38785EF}.Debug|Mixed Platforms.ActiveCfg = Debug|Win32
		{3423EC9A-52E4-4A4D-9753-EDEBC38785EF}.Debug|Mixed Platforms.Build.0 = Debug|Win32
		{3423EC9A-52E4-4A4D-9753-EDEBC38785EF}.Debug|Win32.ActiveCfg = Debug|Win32
		{3423EC9A-52E4-4A4D-9753-EDEBC38785EF}.Debug|Win32.Build.0 = Debug|Win32
		{3423EC9A-52E4-4A4D-9753-EDEBC38785EF}.Debug|x64.ActiveCfg = Debug|x64
		{3423EC9A-52E4-4A4D-9753-EDEBC38785EF}.Debug|x64.Build.0 = Debug|x64
		{3423EC9A-52E4-4A4D-9753-EDEBC38785EF}.Release|Mixed Platforms.ActiveCfg = Release|Win32
		{3423EC9A-52E4-4A4D-9753-EDEBC38785EF}.Release|Mixed Platforms.Build.0 = Release|Win32
		{3423EC9A-52E4-4A4D-9753-EDEBC38785EF}.Release|Win32.ActiveCfg = Release|Win32
		{3423EC9A-52E4-4A4D-9753-EDEBC38785EF}.Release|Win32.Build.0 = Release|Win32
		{3423EC9A-52E4-4A4D-9753-EDEBC38785EF}.Release|x64.ActiveCfg = Release|x64
		{3423EC9A-52E4-4A4D-9753-EDEBC38785EF}.Release|x64.Build.0 = Release|x64
		{917836A4-0DDC-47BE-B930-1B3BFDF6C940}.Debug|Mixed Platforms.ActiveCfg = Debug|Win32
		{917836A4-0DDC-47BE-B930-1B3BFDF6C940}.Debug|Mixed Platforms.Build.0 = Debug|Win32
		{917836A4-0DDC-47BE-B930-1B3BFDF6C940}.Debug|Win32.ActiveCfg = Debug|Win32
		{917836A4-0DDC-47BE-B930-1B3BFDF6C940}.Debug|Win32.Build.0 = Debug|Win32
		{917836A4-0DDC-47BE-B930-1B3BFDF6C940}.Debug|x64.ActiveCfg = Debug|x64
		{917836A4-0DDC-47BE-B930-1B3BFDF6C940}.Debug|x64.Build.0 = Debug|x64
		{917836A4-0DDC-47BE-B930-1B3BFDF6C940}.Release|Mixed Platforms.ActiveCfg = Release|Win32
		{917836A4-0DDC-47BE-B930-1B3BFDF6C940}.Release|Mixed Platforms.Build.0 = Release|Win32
		{917836A4-0DDC-47BE-B930-1B3BFDF6C940}.Release|Win32.ActiveCfg = Release|Win32
		{917836A4-0DDC-47BE-B930-1B3BFDF6C940}.Release|Win32.Build.0 = Release|Win32
		{917836A4-0DDC-47BE-B930-1B3BFDF6C940}.Release|x64.ActiveCfg = Release|x64
		{917836A4-0DDC-47BE-B930-1B3BFDF6C940}.Release|x64.Build.0 = Release|x64
		{D1C528B6-AA02-4D29-9D61-DC08E317A70D}.Debug|Mixed Platforms.ActiveCfg = Debug|Win32
		{D1C528B6-AA02-4D29-9D61-DC08E317A70D}.Debug|Mixed Platforms.Build.0 = Debug|Win32
		{D1C528B6-AA02-4D29-9D61-DC08E317A70D}.Debug|Win32.ActiveCfg = Debug|Win32
		{D1C528B6-AA02-4D29-9D61-DC08E317A70D}.Debug|Win32.Build.0 = Debug|Win32
		{D1C528B6-AA02-4D29-9D61-DC08E317A70D}.Debug|x64.ActiveCfg = Debug|x64
		{D1C528B6-AA02-4D29-9D61-DC08E317A70D}.Debug|x64.Build.0 = Debug|x64
		{D1C528B6-AA02-4D29-9D61-DC08E317A70D}.Release|Mixed Platforms.ActiveCfg = Release|Win32
		{D1C528B6-AA02-4D29-9D61-DC08E317A70D}.Release|Mixed Platforms.Build.0 = Release|Win32
		{D1C528B6-AA02-4D29-9D61-DC08E317A70D}.Release|Win32.ActiveCfg = Release|Win32
		{D1C528B6-AA02-4D29-9D61-DC08E317A70D}.Release|Win32.Build.0 = Release|Win32
		{D1C528B6-AA02-4D29-9D61-DC08E317A70D}.Release|x64.ActiveCfg = Release|x64
		{D1C528B6-AA02-4D29-9D61-DC08E317A70D}.Release|x64.Build.0 = Release|x64
		{641C5F36-32EE-4323-B740-992B651CF9D6}.Debug|Mixed Platforms.ActiveCfg = Debug|Win32
		{641C5F36-32EE-4323-B740-992B651CF9D6}.Debug|Mixed Platforms.Build.0 = Debug|Win32
		{641C5F36-32EE-4323-B740-992B651CF9D6}.Debug|Win32.ActiveCfg = Debug|Win32
		{641C5F36-32EE-4323-B740-992B651CF9D6}.Debug|Win32.Build.0 = Debug|Win32
		{641C5F36-32EE-4323-B740-992B651CF9D6}.Debug|x64.ActiveCfg = Debug|x64
		{641C5F36-32EE-4323-B740-992B651CF9D6}.Debug|x64.Build.0 = Debug|x64
		{641C5F36-32EE-4323-B740-992B651CF9D6}.Release|Mixed Platforms.ActiveCfg = Release|Win32
		{641C5F36-32EE-4323-B740-992B651CF9D6}.Release|Mixed Platforms.Build.0 = Release|Win32
		{641C5F36-32EE-4323-B740-992B651CF9D6}.Release|Win32.ActiveCfg = Release|Win32
		{641C5F36-32EE-4323-B740-992B651CF9D6}.Release|Win32.Build.0 = Release|Win32
		{641C5F36-32EE-4323-B740-992B651CF9D6}.Release|x64.ActiveCfg = Release|x64
		{641C5F36-32EE-4323-B740-992B651CF9D6}.Release|x64.Build.0 = Release|x64
	EndGlobalSection
	GlobalSection(SolutionProperties) = preSolution
		HideSolutionNode = FALSE
	EndGlobalSection
	GlobalSection(NestedProjects) = preSolution
		{4B2C44BC-61C1-4A74-9702-8C8F6F1238C4} = {6D94657A-F1D5-42D8-8A31-0857535EF9F7}
		{30285AEF-522A-4EE6-8805-FD8D9E63F756} = {6D94657A-F1D5-42D8-8A31-0857535EF9F7}
		{643F6734-21D8-46A1-83D0-5B68F5223C47} = {6D94657A-F1D5-42D8-8A31-0857535EF9F7}
		{B66F61A3-030F-47F1-AF60-E6E6D82BADCF} = {EBC748B3-6EDE-48D0-9CD0-A67618FF98FC}
		{1EA37A48-AB25-4ADE-A27B-6DA08F388AD2} = {8A11A978-B63B-40B1-B8E6-FA5DB431E611}
		{87285440-4EC9-41D8-836A-AC2B5B51871C} = {8A11A978-B63B-40B1-B8E6-FA5DB431E611}
		{DD696D56-CF6A-4A01-9F22-AB3364BFB5D8} = {8A11A978-B63B-40B1-B8E6-FA5DB431E611}
		{078BCEFF-8288-42A8-ADD1-8E8C0765EDA7} = {8A11A978-B63B-40B1-B8E6-FA5DB431E611}
		{3423EC9A-52E4-4A4D-9753-EDEBC38785EF} = {6D881726-BA5C-4EC8-BD2E-433BE5AED0AF}
		{917836A4-0DDC-47BE-B930-1B3BFDF6C940} = {6D881726-BA5C-4EC8-BD2E-433BE5AED0AF}
		{D1C528B6-AA02-4D29-9D61-DC08E317A70D} = {6D881726-BA5C-4EC8-BD2E-433BE5AED0AF}
		{641C5F36-32EE-4323-B740-992B651CF9D6} = {6D881726-BA5C-4EC8-BD2E-433BE5AED0AF}
	EndGlobalSection
EndGlobal
