
Microsoft Visual Studio Solution File, Format Version 12.00
# Visual Studio 2012
Project("{8BC9CEB8-8B4A-11D0-8D11-00A0C91BC942}") = "VaultIC_4XX_KeyDerivation", "VaultIC_4XX_KeyDerivation.vcxproj", "{CC3A48BC-827E-4BF6-B729-0873F4BC6DBD}"
EndProject
Project("{8BC9CEB8-8B4A-11D0-8D11-00A0C91BC942}") = "VaultIC_4XX_Reinitialization", "VaultIC_4XX_Reinitialize.vcxproj", "{D320556D-56A2-4298-8587-54941177ECDD}"
EndProject
Project("{8BC9CEB8-8B4A-11D0-8D11-00A0C91BC942}") = "VaultIC_4XX_SampleCode", "VaultIC_4XX_SampleCode.vcxproj", "{1FBA28C8-90B1-4061-B831-694D9F86169F}"
EndProject
Project("{8BC9CEB8-8B4A-11D0-8D11-00A0C91BC942}") = "VaultIC_4XX_KeyWrapping", "VaultIC_4XX_KeyWrapping.vcxproj", "{7613E2D1-E4CA-4467-BDE0-358F79FE9802}"
EndProject
Project("{8BC9CEB8-8B4A-11D0-8D11-00A0C91BC942}") = "VaultIC_4XX_KeyWrapping - RSA", "VaultIC_4XX_KeyWrapping - RSA.vcxproj", "{69C70AC1-5004-499A-832E-CC05F5426A3B}"
EndProject
Project("{8BC9CEB8-8B4A-11D0-8D11-00A0C91BC942}") = "VaultIC_API_4XX", "..\..\build\windows\VaultIC_API_4XX\VaultIC_API_4XX.vcxproj", "{BF5A2185-64FF-4AEC-B808-399125CE2319}"
EndProject
Project("{8BC9CEB8-8B4A-11D0-8D11-00A0C91BC942}") = "VaultIC_4XX_Signature", "VaultIC_4XX_Signature.vcxproj", "{1AC40FE0-9E4C-40C5-8F01-B71829585D65}"
EndProject
Global
	GlobalSection(SolutionConfigurationPlatforms) = preSolution
		Debug Static FIPS|Win32 = Debug Static FIPS|Win32
		Debug Static FIPS|x64 = Debug Static FIPS|x64
		Debug Static|Win32 = Debug Static|Win32
		Debug Static|x64 = Debug Static|x64
		Debug_Portable|Win32 = Debug_Portable|Win32
		Debug_Portable|x64 = Debug_Portable|x64
		Debug|Win32 = Debug|Win32
		Debug|x64 = Debug|x64
		Release Static FIPS|Win32 = Release Static FIPS|Win32
		Release Static FIPS|x64 = Release Static FIPS|x64
		Release Static|Win32 = Release Static|Win32
		Release Static|x64 = Release Static|x64
		Release_Portable|Win32 = Release_Portable|Win32
		Release_Portable|x64 = Release_Portable|x64
		Release|Win32 = Release|Win32
		Release|x64 = Release|x64
		Template|Win32 = Template|Win32
		Template|x64 = Template|x64
	EndGlobalSection
	GlobalSection(ProjectConfigurationPlatforms) = postSolution
		{CC3A48BC-827E-4BF6-B729-0873F4BC6DBD}.Debug Static FIPS|Win32.ActiveCfg = Debug|Win32
		{CC3A48BC-827E-4BF6-B729-0873F4BC6DBD}.Debug Static FIPS|Win32.Build.0 = Debug|Win32
		{CC3A48BC-827E-4BF6-B729-0873F4BC6DBD}.Debug Static FIPS|Win32.Deploy.0 = Debug|Win32
		{CC3A48BC-827E-4BF6-B729-0873F4BC6DBD}.Debug Static FIPS|x64.ActiveCfg = Debug|Win32
		{CC3A48BC-827E-4BF6-B729-0873F4BC6DBD}.Debug Static|Win32.ActiveCfg = Debug|Win32
		{CC3A48BC-827E-4BF6-B729-0873F4BC6DBD}.Debug Static|Win32.Build.0 = Debug|Win32
		{CC3A48BC-827E-4BF6-B729-0873F4BC6DBD}.Debug Static|Win32.Deploy.0 = Debug|Win32
		{CC3A48BC-827E-4BF6-B729-0873F4BC6DBD}.Debug Static|x64.ActiveCfg = Debug|Win32
		{CC3A48BC-827E-4BF6-B729-0873F4BC6DBD}.Debug_Portable|Win32.ActiveCfg = Debug|Win32
		{CC3A48BC-827E-4BF6-B729-0873F4BC6DBD}.Debug_Portable|Win32.Build.0 = Debug|Win32
		{CC3A48BC-827E-4BF6-B729-0873F4BC6DBD}.Debug_Portable|Win32.Deploy.0 = Debug|Win32
		{CC3A48BC-827E-4BF6-B729-0873F4BC6DBD}.Debug_Portable|x64.ActiveCfg = Debug|Win32
		{CC3A48BC-827E-4BF6-B729-0873F4BC6DBD}.Debug|Win32.ActiveCfg = Debug|Win32
		{CC3A48BC-827E-4BF6-B729-0873F4BC6DBD}.Debug|Win32.Build.0 = Debug|Win32
		{CC3A48BC-827E-4BF6-B729-0873F4BC6DBD}.Debug|Win32.Deploy.0 = Debug|Win32
		{CC3A48BC-827E-4BF6-B729-0873F4BC6DBD}.Debug|x64.ActiveCfg = Debug|Win32
		{CC3A48BC-827E-4BF6-B729-0873F4BC6DBD}.Release Static FIPS|Win32.ActiveCfg = Release|Win32
		{CC3A48BC-827E-4BF6-B729-0873F4BC6DBD}.Release Static FIPS|Win32.Build.0 = Release|Win32
		{CC3A48BC-827E-4BF6-B729-0873F4BC6DBD}.Release Static FIPS|Win32.Deploy.0 = Release|Win32
		{CC3A48BC-827E-4BF6-B729-0873F4BC6DBD}.Release Static FIPS|x64.ActiveCfg = Release|Win32
		{CC3A48BC-827E-4BF6-B729-0873F4BC6DBD}.Release Static|Win32.ActiveCfg = Release|Win32
		{CC3A48BC-827E-4BF6-B729-0873F4BC6DBD}.Release Static|Win32.Build.0 = Release|Win32
		{CC3A48BC-827E-4BF6-B729-0873F4BC6DBD}.Release Static|Win32.Deploy.0 = Release|Win32
		{CC3A48BC-827E-4BF6-B729-0873F4BC6DBD}.Release Static|x64.ActiveCfg = Release|Win32
		{CC3A48BC-827E-4BF6-B729-0873F4BC6DBD}.Release_Portable|Win32.ActiveCfg = Release|Win32
		{CC3A48BC-827E-4BF6-B729-0873F4BC6DBD}.Release_Portable|Win32.Build.0 = Release|Win32
		{CC3A48BC-827E-4BF6-B729-0873F4BC6DBD}.Release_Portable|Win32.Deploy.0 = Release|Win32
		{CC3A48BC-827E-4BF6-B729-0873F4BC6DBD}.Release_Portable|x64.ActiveCfg = Release|Win32
		{CC3A48BC-827E-4BF6-B729-0873F4BC6DBD}.Release|Win32.ActiveCfg = Release|Win32
		{CC3A48BC-827E-4BF6-B729-0873F4BC6DBD}.Release|Win32.Build.0 = Release|Win32
		{CC3A48BC-827E-4BF6-B729-0873F4BC6DBD}.Release|Win32.Deploy.0 = Release|Win32
		{CC3A48BC-827E-4BF6-B729-0873F4BC6DBD}.Release|x64.ActiveCfg = Release|Win32
		{CC3A48BC-827E-4BF6-B729-0873F4BC6DBD}.Template|Win32.ActiveCfg = Release|Win32
		{CC3A48BC-827E-4BF6-B729-0873F4BC6DBD}.Template|Win32.Build.0 = Release|Win32
		{CC3A48BC-827E-4BF6-B729-0873F4BC6DBD}.Template|Win32.Deploy.0 = Release|Win32
		{CC3A48BC-827E-4BF6-B729-0873F4BC6DBD}.Template|x64.ActiveCfg = Release|Win32
		{D320556D-56A2-4298-8587-54941177ECDD}.Debug Static FIPS|Win32.ActiveCfg = Debug|Win32
		{D320556D-56A2-4298-8587-54941177ECDD}.Debug Static FIPS|Win32.Build.0 = Debug|Win32
		{D320556D-56A2-4298-8587-54941177ECDD}.Debug Static FIPS|Win32.Deploy.0 = Debug|Win32
		{D320556D-56A2-4298-8587-54941177ECDD}.Debug Static FIPS|x64.ActiveCfg = Debug|Win32
		{D320556D-56A2-4298-8587-54941177ECDD}.Debug Static|Win32.ActiveCfg = Debug|Win32
		{D320556D-56A2-4298-8587-54941177ECDD}.Debug Static|Win32.Build.0 = Debug|Win32
		{D320556D-56A2-4298-8587-54941177ECDD}.Debug Static|Win32.Deploy.0 = Debug|Win32
		{D320556D-56A2-4298-8587-54941177ECDD}.Debug Static|x64.ActiveCfg = Debug|Win32
		{D320556D-56A2-4298-8587-54941177ECDD}.Debug_Portable|Win32.ActiveCfg = Debug|Win32
		{D320556D-56A2-4298-8587-54941177ECDD}.Debug_Portable|Win32.Build.0 = Debug|Win32
		{D320556D-56A2-4298-8587-54941177ECDD}.Debug_Portable|Win32.Deploy.0 = Debug|Win32
		{D320556D-56A2-4298-8587-54941177ECDD}.Debug_Portable|x64.ActiveCfg = Debug|Win32
		{D320556D-56A2-4298-8587-54941177ECDD}.Debug|Win32.ActiveCfg = Debug|Win32
		{D320556D-56A2-4298-8587-54941177ECDD}.Debug|Win32.Build.0 = Debug|Win32
		{D320556D-56A2-4298-8587-54941177ECDD}.Debug|Win32.Deploy.0 = Debug|Win32
		{D320556D-56A2-4298-8587-54941177ECDD}.Debug|x64.ActiveCfg = Debug|Win32
		{D320556D-56A2-4298-8587-54941177ECDD}.Release Static FIPS|Win32.ActiveCfg = Release|Win32
		{D320556D-56A2-4298-8587-54941177ECDD}.Release Static FIPS|Win32.Build.0 = Release|Win32
		{D320556D-56A2-4298-8587-54941177ECDD}.Release Static FIPS|Win32.Deploy.0 = Release|Win32
		{D320556D-56A2-4298-8587-54941177ECDD}.Release Static FIPS|x64.ActiveCfg = Release|Win32
		{D320556D-56A2-4298-8587-54941177ECDD}.Release Static|Win32.ActiveCfg = Release|Win32
		{D320556D-56A2-4298-8587-54941177ECDD}.Release Static|Win32.Build.0 = Release|Win32
		{D320556D-56A2-4298-8587-54941177ECDD}.Release Static|Win32.Deploy.0 = Release|Win32
		{D320556D-56A2-4298-8587-54941177ECDD}.Release Static|x64.ActiveCfg = Release|Win32
		{D320556D-56A2-4298-8587-54941177ECDD}.Release_Portable|Win32.ActiveCfg = Release|Win32
		{D320556D-56A2-4298-8587-54941177ECDD}.Release_Portable|Win32.Build.0 = Release|Win32
		{D320556D-56A2-4298-8587-54941177ECDD}.Release_Portable|Win32.Deploy.0 = Release|Win32
		{D320556D-56A2-4298-8587-54941177ECDD}.Release_Portable|x64.ActiveCfg = Release|Win32
		{D320556D-56A2-4298-8587-54941177ECDD}.Release|Win32.ActiveCfg = Release|Win32
		{D320556D-56A2-4298-8587-54941177ECDD}.Release|Win32.Build.0 = Release|Win32
		{D320556D-56A2-4298-8587-54941177ECDD}.Release|Win32.Deploy.0 = Release|Win32
		{D320556D-56A2-4298-8587-54941177ECDD}.Release|x64.ActiveCfg = Release|Win32
		{D320556D-56A2-4298-8587-54941177ECDD}.Template|Win32.ActiveCfg = Release|Win32
		{D320556D-56A2-4298-8587-54941177ECDD}.Template|Win32.Build.0 = Release|Win32
		{D320556D-56A2-4298-8587-54941177ECDD}.Template|Win32.Deploy.0 = Release|Win32
		{D320556D-56A2-4298-8587-54941177ECDD}.Template|x64.ActiveCfg = Release|Win32
		{1FBA28C8-90B1-4061-B831-694D9F86169F}.Debug Static FIPS|Win32.ActiveCfg = Debug|Win32
		{1FBA28C8-90B1-4061-B831-694D9F86169F}.Debug Static FIPS|Win32.Build.0 = Debug|Win32
		{1FBA28C8-90B1-4061-B831-694D9F86169F}.Debug Static FIPS|Win32.Deploy.0 = Debug|Win32
		{1FBA28C8-90B1-4061-B831-694D9F86169F}.Debug Static FIPS|x64.ActiveCfg = Debug|Win32
		{1FBA28C8-90B1-4061-B831-694D9F86169F}.Debug Static|Win32.ActiveCfg = Debug|Win32
		{1FBA28C8-90B1-4061-B831-694D9F86169F}.Debug Static|Win32.Build.0 = Debug|Win32
		{1FBA28C8-90B1-4061-B831-694D9F86169F}.Debug Static|Win32.Deploy.0 = Debug|Win32
		{1FBA28C8-90B1-4061-B831-694D9F86169F}.Debug Static|x64.ActiveCfg = Debug|Win32
		{1FBA28C8-90B1-4061-B831-694D9F86169F}.Debug_Portable|Win32.ActiveCfg = Debug|Win32
		{1FBA28C8-90B1-4061-B831-694D9F86169F}.Debug_Portable|Win32.Build.0 = Debug|Win32
		{1FBA28C8-90B1-4061-B831-694D9F86169F}.Debug_Portable|Win32.Deploy.0 = Debug|Win32
		{1FBA28C8-90B1-4061-B831-694D9F86169F}.Debug_Portable|x64.ActiveCfg = Debug|Win32
		{1FBA28C8-90B1-4061-B831-694D9F86169F}.Debug|Win32.ActiveCfg = Debug|Win32
		{1FBA28C8-90B1-4061-B831-694D9F86169F}.Debug|Win32.Build.0 = Debug|Win32
		{1FBA28C8-90B1-4061-B831-694D9F86169F}.Debug|Win32.Deploy.0 = Debug|Win32
		{1FBA28C8-90B1-4061-B831-694D9F86169F}.Debug|x64.ActiveCfg = Debug|Win32
		{1FBA28C8-90B1-4061-B831-694D9F86169F}.Release Static FIPS|Win32.ActiveCfg = Release|Win32
		{1FBA28C8-90B1-4061-B831-694D9F86169F}.Release Static FIPS|Win32.Build.0 = Release|Win32
		{1FBA28C8-90B1-4061-B831-694D9F86169F}.Release Static FIPS|Win32.Deploy.0 = Release|Win32
		{1FBA28C8-90B1-4061-B831-694D9F86169F}.Release Static FIPS|x64.ActiveCfg = Release|Win32
		{1FBA28C8-90B1-4061-B831-694D9F86169F}.Release Static|Win32.ActiveCfg = Release|Win32
		{1FBA28C8-90B1-4061-B831-694D9F86169F}.Release Static|Win32.Build.0 = Release|Win32
		{1FBA28C8-90B1-4061-B831-694D9F86169F}.Release Static|Win32.Deploy.0 = Release|Win32
		{1FBA28C8-90B1-4061-B831-694D9F86169F}.Release Static|x64.ActiveCfg = Release|Win32
		{1FBA28C8-90B1-4061-B831-694D9F86169F}.Release_Portable|Win32.ActiveCfg = Release|Win32
		{1FBA28C8-90B1-4061-B831-694D9F86169F}.Release_Portable|Win32.Build.0 = Release|Win32
		{1FBA28C8-90B1-4061-B831-694D9F86169F}.Release_Portable|Win32.Deploy.0 = Release|Win32
		{1FBA28C8-90B1-4061-B831-694D9F86169F}.Release_Portable|x64.ActiveCfg = Release|Win32
		{1FBA28C8-90B1-4061-B831-694D9F86169F}.Release|Win32.ActiveCfg = Release|Win32
		{1FBA28C8-90B1-4061-B831-694D9F86169F}.Release|Win32.Build.0 = Release|Win32
		{1FBA28C8-90B1-4061-B831-694D9F86169F}.Release|Win32.Deploy.0 = Release|Win32
		{1FBA28C8-90B1-4061-B831-694D9F86169F}.Release|x64.ActiveCfg = Release|Win32
		{1FBA28C8-90B1-4061-B831-694D9F86169F}.Template|Win32.ActiveCfg = Release|Win32
		{1FBA28C8-90B1-4061-B831-694D9F86169F}.Template|Win32.Build.0 = Release|Win32
		{1FBA28C8-90B1-4061-B831-694D9F86169F}.Template|Win32.Deploy.0 = Release|Win32
		{1FBA28C8-90B1-4061-B831-694D9F86169F}.Template|x64.ActiveCfg = Release|Win32
		{7613E2D1-E4CA-4467-BDE0-358F79FE9802}.Debug Static FIPS|Win32.ActiveCfg = Debug|Win32
		{7613E2D1-E4CA-4467-BDE0-358F79FE9802}.Debug Static FIPS|Win32.Build.0 = Debug|Win32
		{7613E2D1-E4CA-4467-BDE0-358F79FE9802}.Debug Static FIPS|Win32.Deploy.0 = Debug|Win32
		{7613E2D1-E4CA-4467-BDE0-358F79FE9802}.Debug Static FIPS|x64.ActiveCfg = Debug|Win32
		{7613E2D1-E4CA-4467-BDE0-358F79FE9802}.Debug Static|Win32.ActiveCfg = Debug|Win32
		{7613E2D1-E4CA-4467-BDE0-358F79FE9802}.Debug Static|Win32.Build.0 = Debug|Win32
		{7613E2D1-E4CA-4467-BDE0-358F79FE9802}.Debug Static|Win32.Deploy.0 = Debug|Win32
		{7613E2D1-E4CA-4467-BDE0-358F79FE9802}.Debug Static|x64.ActiveCfg = Debug|Win32
		{7613E2D1-E4CA-4467-BDE0-358F79FE9802}.Debug_Portable|Win32.ActiveCfg = Debug|Win32
		{7613E2D1-E4CA-4467-BDE0-358F79FE9802}.Debug_Portable|Win32.Build.0 = Debug|Win32
		{7613E2D1-E4CA-4467-BDE0-358F79FE9802}.Debug_Portable|Win32.Deploy.0 = Debug|Win32
		{7613E2D1-E4CA-4467-BDE0-358F79FE9802}.Debug_Portable|x64.ActiveCfg = Debug|Win32
		{7613E2D1-E4CA-4467-BDE0-358F79FE9802}.Debug|Win32.ActiveCfg = Debug|Win32
		{7613E2D1-E4CA-4467-BDE0-358F79FE9802}.Debug|Win32.Build.0 = Debug|Win32
		{7613E2D1-E4CA-4467-BDE0-358F79FE9802}.Debug|Win32.Deploy.0 = Debug|Win32
		{7613E2D1-E4CA-4467-BDE0-358F79FE9802}.Debug|x64.ActiveCfg = Debug|Win32
		{7613E2D1-E4CA-4467-BDE0-358F79FE9802}.Release Static FIPS|Win32.ActiveCfg = Release|Win32
		{7613E2D1-E4CA-4467-BDE0-358F79FE9802}.Release Static FIPS|Win32.Build.0 = Release|Win32
		{7613E2D1-E4CA-4467-BDE0-358F79FE9802}.Release Static FIPS|Win32.Deploy.0 = Release|Win32
		{7613E2D1-E4CA-4467-BDE0-358F79FE9802}.Release Static FIPS|x64.ActiveCfg = Release|Win32
		{7613E2D1-E4CA-4467-BDE0-358F79FE9802}.Release Static|Win32.ActiveCfg = Release|Win32
		{7613E2D1-E4CA-4467-BDE0-358F79FE9802}.Release Static|Win32.Build.0 = Release|Win32
		{7613E2D1-E4CA-4467-BDE0-358F79FE9802}.Release Static|Win32.Deploy.0 = Release|Win32
		{7613E2D1-E4CA-4467-BDE0-358F79FE9802}.Release Static|x64.ActiveCfg = Release|Win32
		{7613E2D1-E4CA-4467-BDE0-358F79FE9802}.Release_Portable|Win32.ActiveCfg = Release|Win32
		{7613E2D1-E4CA-4467-BDE0-358F79FE9802}.Release_Portable|Win32.Build.0 = Release|Win32
		{7613E2D1-E4CA-4467-BDE0-358F79FE9802}.Release_Portable|Win32.Deploy.0 = Release|Win32
		{7613E2D1-E4CA-4467-BDE0-358F79FE9802}.Release_Portable|x64.ActiveCfg = Release|Win32
		{7613E2D1-E4CA-4467-BDE0-358F79FE9802}.Release|Win32.ActiveCfg = Release|Win32
		{7613E2D1-E4CA-4467-BDE0-358F79FE9802}.Release|Win32.Build.0 = Release|Win32
		{7613E2D1-E4CA-4467-BDE0-358F79FE9802}.Release|Win32.Deploy.0 = Release|Win32
		{7613E2D1-E4CA-4467-BDE0-358F79FE9802}.Release|x64.ActiveCfg = Release|Win32
		{7613E2D1-E4CA-4467-BDE0-358F79FE9802}.Template|Win32.ActiveCfg = Release|Win32
		{7613E2D1-E4CA-4467-BDE0-358F79FE9802}.Template|Win32.Build.0 = Release|Win32
		{7613E2D1-E4CA-4467-BDE0-358F79FE9802}.Template|Win32.Deploy.0 = Release|Win32
		{7613E2D1-E4CA-4467-BDE0-358F79FE9802}.Template|x64.ActiveCfg = Release|Win32
		{69C70AC1-5004-499A-832E-CC05F5426A3B}.Debug Static FIPS|Win32.ActiveCfg = Debug|Win32
		{69C70AC1-5004-499A-832E-CC05F5426A3B}.Debug Static FIPS|Win32.Build.0 = Debug|Win32
		{69C70AC1-5004-499A-832E-CC05F5426A3B}.Debug Static FIPS|Win32.Deploy.0 = Debug|Win32
		{69C70AC1-5004-499A-832E-CC05F5426A3B}.Debug Static FIPS|x64.ActiveCfg = Debug|Win32
		{69C70AC1-5004-499A-832E-CC05F5426A3B}.Debug Static|Win32.ActiveCfg = Debug|Win32
		{69C70AC1-5004-499A-832E-CC05F5426A3B}.Debug Static|Win32.Build.0 = Debug|Win32
		{69C70AC1-5004-499A-832E-CC05F5426A3B}.Debug Static|Win32.Deploy.0 = Debug|Win32
		{69C70AC1-5004-499A-832E-CC05F5426A3B}.Debug Static|x64.ActiveCfg = Debug|Win32
		{69C70AC1-5004-499A-832E-CC05F5426A3B}.Debug_Portable|Win32.ActiveCfg = Debug|Win32
		{69C70AC1-5004-499A-832E-CC05F5426A3B}.Debug_Portable|Win32.Build.0 = Debug|Win32
		{69C70AC1-5004-499A-832E-CC05F5426A3B}.Debug_Portable|Win32.Deploy.0 = Debug|Win32
		{69C70AC1-5004-499A-832E-CC05F5426A3B}.Debug_Portable|x64.ActiveCfg = Debug|Win32
		{69C70AC1-5004-499A-832E-CC05F5426A3B}.Debug|Win32.ActiveCfg = Debug|Win32
		{69C70AC1-5004-499A-832E-CC05F5426A3B}.Debug|Win32.Build.0 = Debug|Win32
		{69C70AC1-5004-499A-832E-CC05F5426A3B}.Debug|Win32.Deploy.0 = Debug|Win32
		{69C70AC1-5004-499A-832E-CC05F5426A3B}.Debug|x64.ActiveCfg = Debug|Win32
		{69C70AC1-5004-499A-832E-CC05F5426A3B}.Release Static FIPS|Win32.ActiveCfg = Release|Win32
		{69C70AC1-5004-499A-832E-CC05F5426A3B}.Release Static FIPS|Win32.Build.0 = Release|Win32
		{69C70AC1-5004-499A-832E-CC05F5426A3B}.Release Static FIPS|Win32.Deploy.0 = Release|Win32
		{69C70AC1-5004-499A-832E-CC05F5426A3B}.Release Static FIPS|x64.ActiveCfg = Release|Win32
		{69C70AC1-5004-499A-832E-CC05F5426A3B}.Release Static|Win32.ActiveCfg = Release|Win32
		{69C70AC1-5004-499A-832E-CC05F5426A3B}.Release Static|Win32.Build.0 = Release|Win32
		{69C70AC1-5004-499A-832E-CC05F5426A3B}.Release Static|Win32.Deploy.0 = Release|Win32
		{69C70AC1-5004-499A-832E-CC05F5426A3B}.Release Static|x64.ActiveCfg = Release|Win32
		{69C70AC1-5004-499A-832E-CC05F5426A3B}.Release_Portable|Win32.ActiveCfg = Release|Win32
		{69C70AC1-5004-499A-832E-CC05F5426A3B}.Release_Portable|Win32.Build.0 = Release|Win32
		{69C70AC1-5004-499A-832E-CC05F5426A3B}.Release_Portable|Win32.Deploy.0 = Release|Win32
		{69C70AC1-5004-499A-832E-CC05F5426A3B}.Release_Portable|x64.ActiveCfg = Release|Win32
		{69C70AC1-5004-499A-832E-CC05F5426A3B}.Release|Win32.ActiveCfg = Release|Win32
		{69C70AC1-5004-499A-832E-CC05F5426A3B}.Release|Win32.Build.0 = Release|Win32
		{69C70AC1-5004-499A-832E-CC05F5426A3B}.Release|Win32.Deploy.0 = Release|Win32
		{69C70AC1-5004-499A-832E-CC05F5426A3B}.Release|x64.ActiveCfg = Release|Win32
		{69C70AC1-5004-499A-832E-CC05F5426A3B}.Template|Win32.ActiveCfg = Release|Win32
		{69C70AC1-5004-499A-832E-CC05F5426A3B}.Template|Win32.Build.0 = Release|Win32
		{69C70AC1-5004-499A-832E-CC05F5426A3B}.Template|Win32.Deploy.0 = Release|Win32
		{69C70AC1-5004-499A-832E-CC05F5426A3B}.Template|x64.ActiveCfg = Release|Win32
		{BF5A2185-64FF-4AEC-B808-399125CE2319}.Debug Static FIPS|Win32.ActiveCfg = Debug Static|Win32
		{BF5A2185-64FF-4AEC-B808-399125CE2319}.Debug Static FIPS|Win32.Build.0 = Debug Static|Win32
		{BF5A2185-64FF-4AEC-B808-399125CE2319}.Debug Static FIPS|Win32.Deploy.0 = Debug Static|Win32
		{BF5A2185-64FF-4AEC-B808-399125CE2319}.Debug Static FIPS|x64.ActiveCfg = Debug Static|x64
		{BF5A2185-64FF-4AEC-B808-399125CE2319}.Debug Static FIPS|x64.Build.0 = Debug Static|x64
		{BF5A2185-64FF-4AEC-B808-399125CE2319}.Debug Static FIPS|x64.Deploy.0 = Debug Static|x64
		{BF5A2185-64FF-4AEC-B808-399125CE2319}.Debug Static|Win32.ActiveCfg = Debug Static|Win32
		{BF5A2185-64FF-4AEC-B808-399125CE2319}.Debug Static|Win32.Build.0 = Debug Static|Win32
		{BF5A2185-64FF-4AEC-B808-399125CE2319}.Debug Static|Win32.Deploy.0 = Debug Static|Win32
		{BF5A2185-64FF-4AEC-B808-399125CE2319}.Debug Static|x64.ActiveCfg = Debug Static|x64
		{BF5A2185-64FF-4AEC-B808-399125CE2319}.Debug Static|x64.Build.0 = Debug Static|x64
		{BF5A2185-64FF-4AEC-B808-399125CE2319}.Debug Static|x64.Deploy.0 = Debug Static|x64
		{BF5A2185-64FF-4AEC-B808-399125CE2319}.Debug_Portable|Win32.ActiveCfg = Debug Static|Win32
		{BF5A2185-64FF-4AEC-B808-399125CE2319}.Debug_Portable|Win32.Build.0 = Debug Static|Win32
		{BF5A2185-64FF-4AEC-B808-399125CE2319}.Debug_Portable|Win32.Deploy.0 = Debug Static|Win32
		{BF5A2185-64FF-4AEC-B808-399125CE2319}.Debug_Portable|x64.ActiveCfg = Debug Static|x64
		{BF5A2185-64FF-4AEC-B808-399125CE2319}.Debug_Portable|x64.Build.0 = Debug Static|x64
		{BF5A2185-64FF-4AEC-B808-399125CE2319}.Debug_Portable|x64.Deploy.0 = Debug Static|x64
		{BF5A2185-64FF-4AEC-B808-399125CE2319}.Debug|Win32.ActiveCfg = Debug|Win32
		{BF5A2185-64FF-4AEC-B808-399125CE2319}.Debug|Win32.Build.0 = Debug|Win32
		{BF5A2185-64FF-4AEC-B808-399125CE2319}.Debug|Win32.Deploy.0 = Debug|Win32
		{BF5A2185-64FF-4AEC-B808-399125CE2319}.Debug|x64.ActiveCfg = Debug|x64
		{BF5A2185-64FF-4AEC-B808-399125CE2319}.Debug|x64.Build.0 = Debug|x64
		{BF5A2185-64FF-4AEC-B808-399125CE2319}.Debug|x64.Deploy.0 = Debug|x64
		{BF5A2185-64FF-4AEC-B808-399125CE2319}.Release Static FIPS|Win32.ActiveCfg = Release Static|Win32
		{BF5A2185-64FF-4AEC-B808-399125CE2319}.Release Static FIPS|Win32.Build.0 = Release Static|Win32
		{BF5A2185-64FF-4AEC-B808-399125CE2319}.Release Static FIPS|Win32.Deploy.0 = Release Static|Win32
		{BF5A2185-64FF-4AEC-B808-399125CE2319}.Release Static FIPS|x64.ActiveCfg = Release Static|x64
		{BF5A2185-64FF-4AEC-B808-399125CE2319}.Release Static FIPS|x64.Build.0 = Release Static|x64
		{BF5A2185-64FF-4AEC-B808-399125CE2319}.Release Static FIPS|x64.Deploy.0 = Release Static|x64
		{BF5A2185-64FF-4AEC-B808-399125CE2319}.Release Static|Win32.ActiveCfg = Release Static|Win32
		{BF5A2185-64FF-4AEC-B808-399125CE2319}.Release Static|Win32.Build.0 = Release Static|Win32
		{BF5A2185-64FF-4AEC-B808-399125CE2319}.Release Static|Win32.Deploy.0 = Release Static|Win32
		{BF5A2185-64FF-4AEC-B808-399125CE2319}.Release Static|x64.ActiveCfg = Release Static|x64
		{BF5A2185-64FF-4AEC-B808-399125CE2319}.Release Static|x64.Build.0 = Release Static|x64
		{BF5A2185-64FF-4AEC-B808-399125CE2319}.Release Static|x64.Deploy.0 = Release Static|x64
		{BF5A2185-64FF-4AEC-B808-399125CE2319}.Release_Portable|Win32.ActiveCfg = Release|Win32
		{BF5A2185-64FF-4AEC-B808-399125CE2319}.Release_Portable|Win32.Build.0 = Release|Win32
		{BF5A2185-64FF-4AEC-B808-399125CE2319}.Release_Portable|Win32.Deploy.0 = Release|Win32
		{BF5A2185-64FF-4AEC-B808-399125CE2319}.Release_Portable|x64.ActiveCfg = Release|x64
		{BF5A2185-64FF-4AEC-B808-399125CE2319}.Release_Portable|x64.Build.0 = Release|x64
		{BF5A2185-64FF-4AEC-B808-399125CE2319}.Release_Portable|x64.Deploy.0 = Release|x64
		{BF5A2185-64FF-4AEC-B808-399125CE2319}.Release|Win32.ActiveCfg = Release|Win32
		{BF5A2185-64FF-4AEC-B808-399125CE2319}.Release|Win32.Build.0 = Release|Win32
		{BF5A2185-64FF-4AEC-B808-399125CE2319}.Release|Win32.Deploy.0 = Release|Win32
		{BF5A2185-64FF-4AEC-B808-399125CE2319}.Release|x64.ActiveCfg = Release|x64
		{BF5A2185-64FF-4AEC-B808-399125CE2319}.Release|x64.Build.0 = Release|x64
		{BF5A2185-64FF-4AEC-B808-399125CE2319}.Release|x64.Deploy.0 = Release|x64
		{BF5A2185-64FF-4AEC-B808-399125CE2319}.Template|Win32.ActiveCfg = Debug Static|Win32
		{BF5A2185-64FF-4AEC-B808-399125CE2319}.Template|Win32.Build.0 = Debug Static|Win32
		{BF5A2185-64FF-4AEC-B808-399125CE2319}.Template|Win32.Deploy.0 = Debug Static|Win32
		{BF5A2185-64FF-4AEC-B808-399125CE2319}.Template|x64.ActiveCfg = Debug Static|x64
		{BF5A2185-64FF-4AEC-B808-399125CE2319}.Template|x64.Build.0 = Debug Static|x64
		{BF5A2185-64FF-4AEC-B808-399125CE2319}.Template|x64.Deploy.0 = Debug Static|x64
		{1AC40FE0-9E4C-40C5-8F01-B71829585D65}.Debug Static FIPS|Win32.ActiveCfg = Debug|Win32
		{1AC40FE0-9E4C-40C5-8F01-B71829585D65}.Debug Static FIPS|Win32.Build.0 = Debug|Win32
		{1AC40FE0-9E4C-40C5-8F01-B71829585D65}.Debug Static FIPS|Win32.Deploy.0 = Debug|Win32
		{1AC40FE0-9E4C-40C5-8F01-B71829585D65}.Debug Static FIPS|x64.ActiveCfg = Debug|Win32
		{1AC40FE0-9E4C-40C5-8F01-B71829585D65}.Debug Static|Win32.ActiveCfg = Debug|Win32
		{1AC40FE0-9E4C-40C5-8F01-B71829585D65}.Debug Static|Win32.Build.0 = Debug|Win32
		{1AC40FE0-9E4C-40C5-8F01-B71829585D65}.Debug Static|Win32.Deploy.0 = Debug|Win32
		{1AC40FE0-9E4C-40C5-8F01-B71829585D65}.Debug Static|x64.ActiveCfg = Debug|Win32
		{1AC40FE0-9E4C-40C5-8F01-B71829585D65}.Debug_Portable|Win32.ActiveCfg = Debug|Win32
		{1AC40FE0-9E4C-40C5-8F01-B71829585D65}.Debug_Portable|Win32.Build.0 = Debug|Win32
		{1AC40FE0-9E4C-40C5-8F01-B71829585D65}.Debug_Portable|Win32.Deploy.0 = Debug|Win32
		{1AC40FE0-9E4C-40C5-8F01-B71829585D65}.Debug_Portable|x64.ActiveCfg = Debug|Win32
		{1AC40FE0-9E4C-40C5-8F01-B71829585D65}.Debug|Win32.ActiveCfg = Debug|Win32
		{1AC40FE0-9E4C-40C5-8F01-B71829585D65}.Debug|Win32.Build.0 = Debug|Win32
		{1AC40FE0-9E4C-40C5-8F01-B71829585D65}.Debug|Win32.Deploy.0 = Debug|Win32
		{1AC40FE0-9E4C-40C5-8F01-B71829585D65}.Debug|x64.ActiveCfg = Debug|Win32
		{1AC40FE0-9E4C-40C5-8F01-B71829585D65}.Release Static FIPS|Win32.ActiveCfg = Release|Win32
		{1AC40FE0-9E4C-40C5-8F01-B71829585D65}.Release Static FIPS|Win32.Build.0 = Release|Win32
		{1AC40FE0-9E4C-40C5-8F01-B71829585D65}.Release Static FIPS|Win32.Deploy.0 = Release|Win32
		{1AC40FE0-9E4C-40C5-8F01-B71829585D65}.Release Static FIPS|x64.ActiveCfg = Release|Win32
		{1AC40FE0-9E4C-40C5-8F01-B71829585D65}.Release Static|Win32.ActiveCfg = Release|Win32
		{1AC40FE0-9E4C-40C5-8F01-B71829585D65}.Release Static|Win32.Build.0 = Release|Win32
		{1AC40FE0-9E4C-40C5-8F01-B71829585D65}.Release Static|Win32.Deploy.0 = Release|Win32
		{1AC40FE0-9E4C-40C5-8F01-B71829585D65}.Release Static|x64.ActiveCfg = Release|Win32
		{1AC40FE0-9E4C-40C5-8F01-B71829585D65}.Release_Portable|Win32.ActiveCfg = Release|Win32
		{1AC40FE0-9E4C-40C5-8F01-B71829585D65}.Release_Portable|Win32.Build.0 = Release|Win32
		{1AC40FE0-9E4C-40C5-8F01-B71829585D65}.Release_Portable|Win32.Deploy.0 = Release|Win32
		{1AC40FE0-9E4C-40C5-8F01-B71829585D65}.Release_Portable|x64.ActiveCfg = Release|Win32
		{1AC40FE0-9E4C-40C5-8F01-B71829585D65}.Release|Win32.ActiveCfg = Release|Win32
		{1AC40FE0-9E4C-40C5-8F01-B71829585D65}.Release|Win32.Build.0 = Release|Win32
		{1AC40FE0-9E4C-40C5-8F01-B71829585D65}.Release|Win32.Deploy.0 = Release|Win32
		{1AC40FE0-9E4C-40C5-8F01-B71829585D65}.Release|x64.ActiveCfg = Release|Win32
		{1AC40FE0-9E4C-40C5-8F01-B71829585D65}.Template|Win32.ActiveCfg = Release|Win32
		{1AC40FE0-9E4C-40C5-8F01-B71829585D65}.Template|Win32.Build.0 = Release|Win32
		{1AC40FE0-9E4C-40C5-8F01-B71829585D65}.Template|Win32.Deploy.0 = Release|Win32
		{1AC40FE0-9E4C-40C5-8F01-B71829585D65}.Template|x64.ActiveCfg = Release|Win32
	EndGlobalSection
	GlobalSection(SolutionProperties) = preSolution
		HideSolutionNode = FALSE
	EndGlobalSection
EndGlobal
